PODS:
  - RickyFramework (1.0.0)

DEPENDENCIES:
  - RickyFramework (from `~/desktop/Xcode 11/rickyframework`)

EXTERNAL SOURCES:
  RickyFramework:
    :path: "~/desktop/Xcode 11/rickyframework"

SPEC CHECKSUMS:
  RickyFramework: 0826a8c11d0157f64f3c15100de13577852ddafa

PODFILE CHECKSUM: 3a1776d58c82a037798393868ddef0fe7301600c

COCOAPODS: 1.9.1
