// !$*UTF8*$!
{
	archiveVersion = 1;
	classes = {
	};
	objectVersion = 50;
	objects = {

/* Begin PBXBuildFile section */
		9C148EB923E4ECC800901930 /* WorkspaceVC.swift in Sources */ = {isa = PBXBuildFile; fileRef = 9C148EB823E4ECC800901930 /* WorkspaceVC.swift */; };
		9C3164EC23E32DF90095DF46 /* CreationDateCardListCell.swift in Sources */ = {isa = PBXBuildFile; fileRef = 9C3164EB23E32DF90095DF46 /* CreationDateCardListCell.swift */; };
		9C3164EE23E32F530095DF46 /* NSAttributedString+.swift in Sources */ = {isa = PBXBuildFile; fileRef = 9C3164ED23E32F530095DF46 /* NSAttributedString+.swift */; };
		9C331CB124303B0B003934D6 /* ReviewAlgorithmTest.swift in Sources */ = {isa = PBXBuildFile; fileRef = 9C331CB024303B0B003934D6 /* ReviewAlgorithmTest.swift */; };
		9C331CB924304550003934D6 /* ReviewButtonContainerV.swift in Sources */ = {isa = PBXBuildFile; fileRef = 9C331CB824304550003934D6 /* ReviewButtonContainerV.swift */; };
		9C331CBB2430470C003934D6 /* ReviewAccessible.swift in Sources */ = {isa = PBXBuildFile; fileRef = 9C331CBA2430470C003934D6 /* ReviewAccessible.swift */; };
		9C35CD5023DF61240099F55D /* UpcomingCardListCell.swift in Sources */ = {isa = PBXBuildFile; fileRef = 9C35CD4F23DF61240099F55D /* UpcomingCardListCell.swift */; };
		9C35CD5323DF725B0099F55D /* Date+.swift in Sources */ = {isa = PBXBuildFile; fileRef = 9C35CD5223DF725B0099F55D /* Date+.swift */; };
		9C3B270F23CF11C400CC5A13 /* Page+CoreDataProperties.swift in Sources */ = {isa = PBXBuildFile; fileRef = 9C3B270B23CF11C400CC5A13 /* Page+CoreDataProperties.swift */; };
		9C3B271023CF11C400CC5A13 /* TaskSaved+CoreDataProperties.swift in Sources */ = {isa = PBXBuildFile; fileRef = 9C3B270C23CF11C400CC5A13 /* TaskSaved+CoreDataProperties.swift */; };
		9C3B271123CF11C400CC5A13 /* Page+CoreDataClass.swift in Sources */ = {isa = PBXBuildFile; fileRef = 9C3B270D23CF11C400CC5A13 /* Page+CoreDataClass.swift */; };
		9C3B271223CF11C400CC5A13 /* TaskSaved+CoreDataClass.swift in Sources */ = {isa = PBXBuildFile; fileRef = 9C3B270E23CF11C400CC5A13 /* TaskSaved+CoreDataClass.swift */; };
		9C5EF44A2416DD4200FEBE51 /* UIFont+.swift in Sources */ = {isa = PBXBuildFile; fileRef = 9C5EF4492416DD4200FEBE51 /* UIFont+.swift */; };
		9C7C893223D9103800930E99 /* NewCardVC.swift in Sources */ = {isa = PBXBuildFile; fileRef = 9C7C893123D9103800930E99 /* NewCardVC.swift */; };
		9C7C893423D910DD00930E99 /* UITextView+.swift in Sources */ = {isa = PBXBuildFile; fileRef = 9C7C893323D910DD00930E99 /* UITextView+.swift */; };
		9C9168DF24319E3500AD31A9 /* UIImageView+.swift in Sources */ = {isa = PBXBuildFile; fileRef = 9C9168DE24319E3500AD31A9 /* UIImageView+.swift */; };
		9C9168E12431A24200AD31A9 /* CardListCellStyle.swift in Sources */ = {isa = PBXBuildFile; fileRef = 9C9168E02431A24200AD31A9 /* CardListCellStyle.swift */; };
		9C97674B23E24D81004F4E90 /* AlphabeticalCardListCell.swift in Sources */ = {isa = PBXBuildFile; fileRef = 9C97674A23E24D81004F4E90 /* AlphabeticalCardListCell.swift */; };
		9CC51AF223EB8C8800636842 /* NSManagedObjectContext+.swift in Sources */ = {isa = PBXBuildFile; fileRef = 9CC51AF123EB8C8800636842 /* NSManagedObjectContext+.swift */; };
		9CCB588123F2C590002C3B36 /* MainTabBarC.swift in Sources */ = {isa = PBXBuildFile; fileRef = 9CCB588023F2C590002C3B36 /* MainTabBarC.swift */; };
		9CF34024242F269C00897B40 /* WorkspaceAccessible.swift in Sources */ = {isa = PBXBuildFile; fileRef = 9CF34023242F269C00897B40 /* WorkspaceAccessible.swift */; };
		B801F1342339312C003218BF /* Angle+.swift in Sources */ = {isa = PBXBuildFile; fileRef = B801F1332339312C003218BF /* Angle+.swift */; };
		B8099DE923C0BE4300A56471 /* CardEditVC.swift in Sources */ = {isa = PBXBuildFile; fileRef = B8099DE823C0BE4300A56471 /* CardEditVC.swift */; };
		B8099DEC23C0C59700A56471 /* UIVIew+.swift in Sources */ = {isa = PBXBuildFile; fileRef = B8099DEB23C0C59700A56471 /* UIVIew+.swift */; };
		B80FF85123C5913C005F3AA7 /* UILabel+.swift in Sources */ = {isa = PBXBuildFile; fileRef = B80FF85023C5913C005F3AA7 /* UILabel+.swift */; };
		B81428C7232EB41B0085AA1F /* MultiLineTextField.swift in Sources */ = {isa = PBXBuildFile; fileRef = B81428C6232EB41B0085AA1F /* MultiLineTextField.swift */; };
		B828BC0F23786DBF00F2D959 /* ClearButton.swift in Sources */ = {isa = PBXBuildFile; fileRef = B828BC0E23786DBF00F2D959 /* ClearButton.swift */; };
		B82D2F24235C87D60055A506 /* UpcomingRIghtView.swift in Sources */ = {isa = PBXBuildFile; fileRef = B82D2F23235C87D60055A506 /* UpcomingRIghtView.swift */; };
		B83C305F23C5B7C3008A24D4 /* UIColor+.swift in Sources */ = {isa = PBXBuildFile; fileRef = B83C305E23C5B7C3008A24D4 /* UIColor+.swift */; };
		B8419633233AA00A00E6558C /* CloudKit.framework in Frameworks */ = {isa = PBXBuildFile; fileRef = B8419632233AA00A00E6558C /* CloudKit.framework */; };
		B844EDB023C3471C0033D657 /* UIButton+.swift in Sources */ = {isa = PBXBuildFile; fileRef = B844EDAF23C3471C0033D657 /* UIButton+.swift */; };
		B846750A23536797006FC44F /* CardCellViews.swift in Sources */ = {isa = PBXBuildFile; fileRef = B846750923536797006FC44F /* CardCellViews.swift */; };
		B85C07D623365CCB00200B07 /* PageStructureView.swift in Sources */ = {isa = PBXBuildFile; fileRef = B85C07D523365CCB00200B07 /* PageStructureView.swift */; };
		B85C07D823365E3200200B07 /* PageInsideView.swift in Sources */ = {isa = PBXBuildFile; fileRef = B85C07D723365E3200200B07 /* PageInsideView.swift */; };
		B85C07DA23379DBB00200B07 /* PageNameEditView.swift in Sources */ = {isa = PBXBuildFile; fileRef = B85C07D923379DBB00200B07 /* PageNameEditView.swift */; };
		B85C07DC23379E6400200B07 /* FetchedResults+.swift in Sources */ = {isa = PBXBuildFile; fileRef = B85C07DB23379E6400200B07 /* FetchedResults+.swift */; };
		B871756E2343F55A00BB9E6F /* ActionSheet+.swift in Sources */ = {isa = PBXBuildFile; fileRef = B871756D2343F55A00BB9E6F /* ActionSheet+.swift */; };
		B87BF76123C59358006D372F /* CardListVC.swift in Sources */ = {isa = PBXBuildFile; fileRef = B87BF76023C59358006D372F /* CardListVC.swift */; };
		B88457F5232A4E3200B5CC3C /* KeyboardGuardian.swift in Sources */ = {isa = PBXBuildFile; fileRef = B88457F4232A4E3200B5CC3C /* KeyboardGuardian.swift */; };
		B88457F7232A589C00B5CC3C /* UIApplication+.swift in Sources */ = {isa = PBXBuildFile; fileRef = B88457F6232A589C00B5CC3C /* UIApplication+.swift */; };
		B88457F9232A8FB500B5CC3C /* PrivacyPolicy.swift in Sources */ = {isa = PBXBuildFile; fileRef = B88457F8232A8FB500B5CC3C /* PrivacyPolicy.swift */; };
		B88457FB232BA0BA00B5CC3C /* MainTab.swift in Sources */ = {isa = PBXBuildFile; fileRef = B88457FA232BA0BA00B5CC3C /* MainTab.swift */; };
		B88457FD232BA27800B5CC3C /* ReviewSR.swift in Sources */ = {isa = PBXBuildFile; fileRef = B88457FC232BA27800B5CC3C /* ReviewSR.swift */; };
		B88457FF232BA2A100B5CC3C /* Spaced Repetition.swift in Sources */ = {isa = PBXBuildFile; fileRef = B88457FE232BA2A100B5CC3C /* Spaced Repetition.swift */; };
		B8845801232BA8EC00B5CC3C /* TaskCard.swift in Sources */ = {isa = PBXBuildFile; fileRef = B8845800232BA8EC00B5CC3C /* TaskCard.swift */; };
		B8845804232BADFB00B5CC3C /* Color+.swift in Sources */ = {isa = PBXBuildFile; fileRef = B8845803232BADFB00B5CC3C /* Color+.swift */; };
		B8845807232BCEDE00B5CC3C /* Array+.swift in Sources */ = {isa = PBXBuildFile; fileRef = B8845806232BCEDE00B5CC3C /* Array+.swift */; };
		B886E726232D333C00BD76BD /* AddSR.swift in Sources */ = {isa = PBXBuildFile; fileRef = B886E725232D333C00BD76BD /* AddSR.swift */; };
		B886E729232D8ABF00BD76BD /* MoreTab.swift in Sources */ = {isa = PBXBuildFile; fileRef = B886E728232D8ABF00BD76BD /* MoreTab.swift */; };
		B88CD833238B0FF400901DF6 /* PageNameCell.swift in Sources */ = {isa = PBXBuildFile; fileRef = B88CD832238B0FF400901DF6 /* PageNameCell.swift */; };
		B88CD835238B1D1D00901DF6 /* WorkspaceBackButton.swift in Sources */ = {isa = PBXBuildFile; fileRef = B88CD834238B1D1D00901DF6 /* WorkspaceBackButton.swift */; };
		B8916D9C2367B8A5003A5758 /* View+.swift in Sources */ = {isa = PBXBuildFile; fileRef = B8916D9B2367B8A5003A5758 /* View+.swift */; };
		B895D2DE233159CC00767C4E /* String+.swift in Sources */ = {isa = PBXBuildFile; fileRef = B895D2DD233159CC00767C4E /* String+.swift */; };
		B895D2E023315AC600767C4E /* Alert+.swift in Sources */ = {isa = PBXBuildFile; fileRef = B895D2DF23315AC600767C4E /* Alert+.swift */; };
		B8AB581C232E80B100AD2012 /* CardEditView.swift in Sources */ = {isa = PBXBuildFile; fileRef = B8AB581B232E80B100AD2012 /* CardEditView.swift */; };
		B8AB5822232E8F7A00AD2012 /* CardListView.swift in Sources */ = {isa = PBXBuildFile; fileRef = B8AB5821232E8F7A00AD2012 /* CardListView.swift */; };
		B8B8023C2326EDB60041098F /* SetTime.swift in Sources */ = {isa = PBXBuildFile; fileRef = B8B8023B2326EDB60041098F /* SetTime.swift */; };
		B8CF591023C474E600F83DDB /* UIAlertController+.swift in Sources */ = {isa = PBXBuildFile; fileRef = B8CF590F23C474E600F83DDB /* UIAlertController+.swift */; };
		B8D53A8E232D924D006887FE /* DeveloperPage.swift in Sources */ = {isa = PBXBuildFile; fileRef = B8D53A8D232D924D006887FE /* DeveloperPage.swift */; };
		B8D9503D2326C48F001236AE /* AppDelegate.swift in Sources */ = {isa = PBXBuildFile; fileRef = B8D9503C2326C48F001236AE /* AppDelegate.swift */; };
		B8D9503F2326C48F001236AE /* SceneDelegate.swift in Sources */ = {isa = PBXBuildFile; fileRef = B8D9503E2326C48F001236AE /* SceneDelegate.swift */; };
		B8D950422326C48F001236AE /* Notification_App.xcdatamodeld in Sources */ = {isa = PBXBuildFile; fileRef = B8D950402326C48F001236AE /* Notification_App.xcdatamodeld */; };
		B8D950462326C491001236AE /* Assets.xcassets in Resources */ = {isa = PBXBuildFile; fileRef = B8D950452326C491001236AE /* Assets.xcassets */; };
		B8D950492326C491001236AE /* Preview Assets.xcassets in Resources */ = {isa = PBXBuildFile; fileRef = B8D950482326C491001236AE /* Preview Assets.xcassets */; };
		B8D9504C2326C491001236AE /* LaunchScreen.storyboard in Resources */ = {isa = PBXBuildFile; fileRef = B8D9504A2326C491001236AE /* LaunchScreen.storyboard */; };
		B8D950562326C4E5001236AE /* AddNewReminder.swift in Sources */ = {isa = PBXBuildFile; fileRef = B8D950552326C4E5001236AE /* AddNewReminder.swift */; };
		B8D950582326C56D001236AE /* RemindTimeSettings.swift in Sources */ = {isa = PBXBuildFile; fileRef = B8D950572326C56D001236AE /* RemindTimeSettings.swift */; };
		B8D9505A2326C58C001236AE /* UserSettings.swift in Sources */ = {isa = PBXBuildFile; fileRef = B8D950592326C58C001236AE /* UserSettings.swift */; };
		B8D9505E2326C85C001236AE /* UNUserNotificationCenter+.swift in Sources */ = {isa = PBXBuildFile; fileRef = B8D9505C2326C85C001236AE /* UNUserNotificationCenter+.swift */; };
		B8D9505F2326C85C001236AE /* NotificationDelegate.swift in Sources */ = {isa = PBXBuildFile; fileRef = B8D9505D2326C85C001236AE /* NotificationDelegate.swift */; };
		B8D950612326C8E7001236AE /* TimeSettings.swift in Sources */ = {isa = PBXBuildFile; fileRef = B8D950602326C8E7001236AE /* TimeSettings.swift */; };
		B8D950632326CA98001236AE /* TimeSetting.swift in Sources */ = {isa = PBXBuildFile; fileRef = B8D950622326CA98001236AE /* TimeSetting.swift */; };
		B8D9B2D42329A97100348987 /* GADBannerViewController.swift in Sources */ = {isa = PBXBuildFile; fileRef = B8D9B2D32329A97100348987 /* GADBannerViewController.swift */; };
		B8EA1694235C90BA00845F04 /* CreationHistoryLabel.swift in Sources */ = {isa = PBXBuildFile; fileRef = B8EA1693235C90BA00845F04 /* CreationHistoryLabel.swift */; };
		B8F3794623537EC800CA9976 /* NewPageTF.swift in Sources */ = {isa = PBXBuildFile; fileRef = B8F3794523537EC800CA9976 /* NewPageTF.swift */; };
/* End PBXBuildFile section */

/* Begin PBXContainerItemProxy section */
		9C331CB324303B0B003934D6 /* PBXContainerItemProxy */ = {
			isa = PBXContainerItemProxy;
			containerPortal = B8D950312326C48F001236AE /* Project object */;
			proxyType = 1;
			remoteGlobalIDString = B8D950382326C48F001236AE;
			remoteInfo = "Notification App";
		};
/* End PBXContainerItemProxy section */

/* Begin PBXFileReference section */
		9C148EB823E4ECC800901930 /* WorkspaceVC.swift */ = {isa = PBXFileReference; lastKnownFileType = sourcecode.swift; path = WorkspaceVC.swift; sourceTree = "<group>"; };
		9C3164EB23E32DF90095DF46 /* CreationDateCardListCell.swift */ = {isa = PBXFileReference; lastKnownFileType = sourcecode.swift; path = CreationDateCardListCell.swift; sourceTree = "<group>"; };
		9C3164ED23E32F530095DF46 /* NSAttributedString+.swift */ = {isa = PBXFileReference; lastKnownFileType = sourcecode.swift; path = "NSAttributedString+.swift"; sourceTree = "<group>"; };
		9C331CAE24303B0B003934D6 /* ReviewAlgorithmTest.xctest */ = {isa = PBXFileReference; explicitFileType = wrapper.cfbundle; includeInIndex = 0; path = ReviewAlgorithmTest.xctest; sourceTree = BUILT_PRODUCTS_DIR; };
		9C331CB024303B0B003934D6 /* ReviewAlgorithmTest.swift */ = {isa = PBXFileReference; lastKnownFileType = sourcecode.swift; path = ReviewAlgorithmTest.swift; sourceTree = "<group>"; };
		9C331CB224303B0B003934D6 /* Info.plist */ = {isa = PBXFileReference; lastKnownFileType = text.plist.xml; path = Info.plist; sourceTree = "<group>"; };
		9C331CB824304550003934D6 /* ReviewButtonContainerV.swift */ = {isa = PBXFileReference; lastKnownFileType = sourcecode.swift; path = ReviewButtonContainerV.swift; sourceTree = "<group>"; };
		9C331CBA2430470C003934D6 /* ReviewAccessible.swift */ = {isa = PBXFileReference; lastKnownFileType = sourcecode.swift; path = ReviewAccessible.swift; sourceTree = "<group>"; };
		9C35CD4F23DF61240099F55D /* UpcomingCardListCell.swift */ = {isa = PBXFileReference; lastKnownFileType = sourcecode.swift; path = UpcomingCardListCell.swift; sourceTree = "<group>"; };
		9C35CD5223DF725B0099F55D /* Date+.swift */ = {isa = PBXFileReference; lastKnownFileType = sourcecode.swift; path = "Date+.swift"; sourceTree = "<group>"; };
		9C3B270B23CF11C400CC5A13 /* Page+CoreDataProperties.swift */ = {isa = PBXFileReference; fileEncoding = 4; lastKnownFileType = sourcecode.swift; path = "Page+CoreDataProperties.swift"; sourceTree = "<group>"; };
		9C3B270C23CF11C400CC5A13 /* TaskSaved+CoreDataProperties.swift */ = {isa = PBXFileReference; fileEncoding = 4; lastKnownFileType = sourcecode.swift; path = "TaskSaved+CoreDataProperties.swift"; sourceTree = "<group>"; };
		9C3B270D23CF11C400CC5A13 /* Page+CoreDataClass.swift */ = {isa = PBXFileReference; fileEncoding = 4; lastKnownFileType = sourcecode.swift; path = "Page+CoreDataClass.swift"; sourceTree = "<group>"; };
		9C3B270E23CF11C400CC5A13 /* TaskSaved+CoreDataClass.swift */ = {isa = PBXFileReference; fileEncoding = 4; lastKnownFileType = sourcecode.swift; path = "TaskSaved+CoreDataClass.swift"; sourceTree = "<group>"; };
		9C5EF4492416DD4200FEBE51 /* UIFont+.swift */ = {isa = PBXFileReference; lastKnownFileType = sourcecode.swift; path = "UIFont+.swift"; sourceTree = "<group>"; };
		9C7C893123D9103800930E99 /* NewCardVC.swift */ = {isa = PBXFileReference; lastKnownFileType = sourcecode.swift; path = NewCardVC.swift; sourceTree = "<group>"; };
		9C7C893323D910DD00930E99 /* UITextView+.swift */ = {isa = PBXFileReference; lastKnownFileType = sourcecode.swift; path = "UITextView+.swift"; sourceTree = "<group>"; };
		9C9168DE24319E3500AD31A9 /* UIImageView+.swift */ = {isa = PBXFileReference; lastKnownFileType = sourcecode.swift; path = "UIImageView+.swift"; sourceTree = "<group>"; };
		9C9168E02431A24200AD31A9 /* CardListCellStyle.swift */ = {isa = PBXFileReference; lastKnownFileType = sourcecode.swift; path = CardListCellStyle.swift; sourceTree = "<group>"; };
		9C97674A23E24D81004F4E90 /* AlphabeticalCardListCell.swift */ = {isa = PBXFileReference; lastKnownFileType = sourcecode.swift; path = AlphabeticalCardListCell.swift; sourceTree = "<group>"; };
		9CC51AF123EB8C8800636842 /* NSManagedObjectContext+.swift */ = {isa = PBXFileReference; lastKnownFileType = sourcecode.swift; path = "NSManagedObjectContext+.swift"; sourceTree = "<group>"; };
		9CCB588023F2C590002C3B36 /* MainTabBarC.swift */ = {isa = PBXFileReference; lastKnownFileType = sourcecode.swift; path = MainTabBarC.swift; sourceTree = "<group>"; };
		9CF34023242F269C00897B40 /* WorkspaceAccessible.swift */ = {isa = PBXFileReference; lastKnownFileType = sourcecode.swift; path = WorkspaceAccessible.swift; sourceTree = "<group>"; };
		B801F1332339312C003218BF /* Angle+.swift */ = {isa = PBXFileReference; lastKnownFileType = sourcecode.swift; path = "Angle+.swift"; sourceTree = "<group>"; };
		B8099DE823C0BE4300A56471 /* CardEditVC.swift */ = {isa = PBXFileReference; lastKnownFileType = sourcecode.swift; path = CardEditVC.swift; sourceTree = "<group>"; };
		B8099DEB23C0C59700A56471 /* UIVIew+.swift */ = {isa = PBXFileReference; lastKnownFileType = sourcecode.swift; path = "UIVIew+.swift"; sourceTree = "<group>"; };
		B80FF85023C5913C005F3AA7 /* UILabel+.swift */ = {isa = PBXFileReference; lastKnownFileType = sourcecode.swift; path = "UILabel+.swift"; sourceTree = "<group>"; };
		B81428C6232EB41B0085AA1F /* MultiLineTextField.swift */ = {isa = PBXFileReference; lastKnownFileType = sourcecode.swift; path = MultiLineTextField.swift; sourceTree = "<group>"; };
		B828BC0E23786DBF00F2D959 /* ClearButton.swift */ = {isa = PBXFileReference; lastKnownFileType = sourcecode.swift; path = ClearButton.swift; sourceTree = "<group>"; };
		B82D2F23235C87D60055A506 /* UpcomingRIghtView.swift */ = {isa = PBXFileReference; lastKnownFileType = sourcecode.swift; path = UpcomingRIghtView.swift; sourceTree = "<group>"; };
		B83C305E23C5B7C3008A24D4 /* UIColor+.swift */ = {isa = PBXFileReference; lastKnownFileType = sourcecode.swift; path = "UIColor+.swift"; sourceTree = "<group>"; };
		B8419631233AA00800E6558C /* Notification App.entitlements */ = {isa = PBXFileReference; lastKnownFileType = text.plist.entitlements; path = "Notification App.entitlements"; sourceTree = "<group>"; };
		B8419632233AA00A00E6558C /* CloudKit.framework */ = {isa = PBXFileReference; lastKnownFileType = wrapper.framework; name = CloudKit.framework; path = System/Library/Frameworks/CloudKit.framework; sourceTree = SDKROOT; };
		B844EDAF23C3471C0033D657 /* UIButton+.swift */ = {isa = PBXFileReference; lastKnownFileType = sourcecode.swift; path = "UIButton+.swift"; sourceTree = "<group>"; };
		B846750923536797006FC44F /* CardCellViews.swift */ = {isa = PBXFileReference; lastKnownFileType = sourcecode.swift; path = CardCellViews.swift; sourceTree = "<group>"; };
		B85C07D523365CCB00200B07 /* PageStructureView.swift */ = {isa = PBXFileReference; lastKnownFileType = sourcecode.swift; path = PageStructureView.swift; sourceTree = "<group>"; };
		B85C07D723365E3200200B07 /* PageInsideView.swift */ = {isa = PBXFileReference; lastKnownFileType = sourcecode.swift; path = PageInsideView.swift; sourceTree = "<group>"; };
		B85C07D923379DBB00200B07 /* PageNameEditView.swift */ = {isa = PBXFileReference; lastKnownFileType = sourcecode.swift; path = PageNameEditView.swift; sourceTree = "<group>"; };
		B85C07DB23379E6400200B07 /* FetchedResults+.swift */ = {isa = PBXFileReference; lastKnownFileType = sourcecode.swift; path = "FetchedResults+.swift"; sourceTree = "<group>"; };
		B871756D2343F55A00BB9E6F /* ActionSheet+.swift */ = {isa = PBXFileReference; lastKnownFileType = sourcecode.swift; path = "ActionSheet+.swift"; sourceTree = "<group>"; };
		B87BF76023C59358006D372F /* CardListVC.swift */ = {isa = PBXFileReference; lastKnownFileType = sourcecode.swift; path = CardListVC.swift; sourceTree = "<group>"; };
		B88457F4232A4E3200B5CC3C /* KeyboardGuardian.swift */ = {isa = PBXFileReference; lastKnownFileType = sourcecode.swift; path = KeyboardGuardian.swift; sourceTree = "<group>"; };
		B88457F6232A589C00B5CC3C /* UIApplication+.swift */ = {isa = PBXFileReference; lastKnownFileType = sourcecode.swift; path = "UIApplication+.swift"; sourceTree = "<group>"; };
		B88457F8232A8FB500B5CC3C /* PrivacyPolicy.swift */ = {isa = PBXFileReference; lastKnownFileType = sourcecode.swift; path = PrivacyPolicy.swift; sourceTree = "<group>"; };
		B88457FA232BA0BA00B5CC3C /* MainTab.swift */ = {isa = PBXFileReference; lastKnownFileType = sourcecode.swift; path = MainTab.swift; sourceTree = "<group>"; };
		B88457FC232BA27800B5CC3C /* ReviewSR.swift */ = {isa = PBXFileReference; lastKnownFileType = sourcecode.swift; path = ReviewSR.swift; sourceTree = "<group>"; };
		B88457FE232BA2A100B5CC3C /* Spaced Repetition.swift */ = {isa = PBXFileReference; lastKnownFileType = sourcecode.swift; path = "Spaced Repetition.swift"; sourceTree = "<group>"; };
		B8845800232BA8EC00B5CC3C /* TaskCard.swift */ = {isa = PBXFileReference; lastKnownFileType = sourcecode.swift; path = TaskCard.swift; sourceTree = "<group>"; };
		B8845803232BADFB00B5CC3C /* Color+.swift */ = {isa = PBXFileReference; lastKnownFileType = sourcecode.swift; path = "Color+.swift"; sourceTree = "<group>"; };
		B8845806232BCEDE00B5CC3C /* Array+.swift */ = {isa = PBXFileReference; lastKnownFileType = sourcecode.swift; path = "Array+.swift"; sourceTree = "<group>"; };
		B886E725232D333C00BD76BD /* AddSR.swift */ = {isa = PBXFileReference; lastKnownFileType = sourcecode.swift; path = AddSR.swift; sourceTree = "<group>"; };
		B886E728232D8ABF00BD76BD /* MoreTab.swift */ = {isa = PBXFileReference; lastKnownFileType = sourcecode.swift; path = MoreTab.swift; sourceTree = "<group>"; };
		B88CD832238B0FF400901DF6 /* PageNameCell.swift */ = {isa = PBXFileReference; lastKnownFileType = sourcecode.swift; path = PageNameCell.swift; sourceTree = "<group>"; };
		B88CD834238B1D1D00901DF6 /* WorkspaceBackButton.swift */ = {isa = PBXFileReference; lastKnownFileType = sourcecode.swift; path = WorkspaceBackButton.swift; sourceTree = "<group>"; };
		B8916D9B2367B8A5003A5758 /* View+.swift */ = {isa = PBXFileReference; lastKnownFileType = sourcecode.swift; path = "View+.swift"; sourceTree = "<group>"; };
		B895D2DD233159CC00767C4E /* String+.swift */ = {isa = PBXFileReference; lastKnownFileType = sourcecode.swift; path = "String+.swift"; sourceTree = "<group>"; };
		B895D2DF23315AC600767C4E /* Alert+.swift */ = {isa = PBXFileReference; lastKnownFileType = sourcecode.swift; path = "Alert+.swift"; sourceTree = "<group>"; };
		B8AB581B232E80B100AD2012 /* CardEditView.swift */ = {isa = PBXFileReference; lastKnownFileType = sourcecode.swift; path = CardEditView.swift; sourceTree = "<group>"; };
		B8AB5821232E8F7A00AD2012 /* CardListView.swift */ = {isa = PBXFileReference; lastKnownFileType = sourcecode.swift; path = CardListView.swift; sourceTree = "<group>"; };
		B8B8023B2326EDB60041098F /* SetTime.swift */ = {isa = PBXFileReference; lastKnownFileType = sourcecode.swift; path = SetTime.swift; sourceTree = "<group>"; };
		B8CF590F23C474E600F83DDB /* UIAlertController+.swift */ = {isa = PBXFileReference; lastKnownFileType = sourcecode.swift; path = "UIAlertController+.swift"; sourceTree = "<group>"; };
		B8D53A8D232D924D006887FE /* DeveloperPage.swift */ = {isa = PBXFileReference; lastKnownFileType = sourcecode.swift; path = DeveloperPage.swift; sourceTree = "<group>"; };
		B8D950392326C48F001236AE /* Space It.app */ = {isa = PBXFileReference; explicitFileType = wrapper.application; includeInIndex = 0; path = "Space It.app"; sourceTree = BUILT_PRODUCTS_DIR; };
		B8D9503C2326C48F001236AE /* AppDelegate.swift */ = {isa = PBXFileReference; lastKnownFileType = sourcecode.swift; path = AppDelegate.swift; sourceTree = "<group>"; };
		B8D9503E2326C48F001236AE /* SceneDelegate.swift */ = {isa = PBXFileReference; lastKnownFileType = sourcecode.swift; path = SceneDelegate.swift; sourceTree = "<group>"; };
		B8D950412326C48F001236AE /* Notification_App.xcdatamodel */ = {isa = PBXFileReference; lastKnownFileType = wrapper.xcdatamodel; path = Notification_App.xcdatamodel; sourceTree = "<group>"; };
		B8D950452326C491001236AE /* Assets.xcassets */ = {isa = PBXFileReference; lastKnownFileType = folder.assetcatalog; path = Assets.xcassets; sourceTree = "<group>"; };
		B8D950482326C491001236AE /* Preview Assets.xcassets */ = {isa = PBXFileReference; lastKnownFileType = folder.assetcatalog; path = "Preview Assets.xcassets"; sourceTree = "<group>"; };
		B8D9504B2326C491001236AE /* Base */ = {isa = PBXFileReference; lastKnownFileType = file.storyboard; name = Base; path = Base.lproj/LaunchScreen.storyboard; sourceTree = "<group>"; };
		B8D9504D2326C491001236AE /* Info.plist */ = {isa = PBXFileReference; lastKnownFileType = text.plist.xml; path = Info.plist; sourceTree = "<group>"; };
		B8D950552326C4E5001236AE /* AddNewReminder.swift */ = {isa = PBXFileReference; lastKnownFileType = sourcecode.swift; path = AddNewReminder.swift; sourceTree = "<group>"; };
		B8D950572326C56D001236AE /* RemindTimeSettings.swift */ = {isa = PBXFileReference; lastKnownFileType = sourcecode.swift; path = RemindTimeSettings.swift; sourceTree = "<group>"; };
		B8D950592326C58C001236AE /* UserSettings.swift */ = {isa = PBXFileReference; lastKnownFileType = sourcecode.swift; path = UserSettings.swift; sourceTree = "<group>"; };
		B8D9505C2326C85C001236AE /* UNUserNotificationCenter+.swift */ = {isa = PBXFileReference; fileEncoding = 4; lastKnownFileType = sourcecode.swift; path = "UNUserNotificationCenter+.swift"; sourceTree = "<group>"; };
		B8D9505D2326C85C001236AE /* NotificationDelegate.swift */ = {isa = PBXFileReference; fileEncoding = 4; lastKnownFileType = sourcecode.swift; path = NotificationDelegate.swift; sourceTree = "<group>"; };
		B8D950602326C8E7001236AE /* TimeSettings.swift */ = {isa = PBXFileReference; lastKnownFileType = sourcecode.swift; path = TimeSettings.swift; sourceTree = "<group>"; };
		B8D950622326CA98001236AE /* TimeSetting.swift */ = {isa = PBXFileReference; lastKnownFileType = sourcecode.swift; path = TimeSetting.swift; sourceTree = "<group>"; };
		B8D9B2D32329A97100348987 /* GADBannerViewController.swift */ = {isa = PBXFileReference; lastKnownFileType = sourcecode.swift; path = GADBannerViewController.swift; sourceTree = "<group>"; };
		B8EA1693235C90BA00845F04 /* CreationHistoryLabel.swift */ = {isa = PBXFileReference; lastKnownFileType = sourcecode.swift; path = CreationHistoryLabel.swift; sourceTree = "<group>"; };
		B8F3794523537EC800CA9976 /* NewPageTF.swift */ = {isa = PBXFileReference; lastKnownFileType = sourcecode.swift; path = NewPageTF.swift; sourceTree = "<group>"; };
/* End PBXFileReference section */

/* Begin PBXFrameworksBuildPhase section */
		9C331CAB24303B0B003934D6 /* Frameworks */ = {
			isa = PBXFrameworksBuildPhase;
			buildActionMask = 2147483647;
			files = (
			);
			runOnlyForDeploymentPostprocessing = 0;
		};
		B8D950362326C48F001236AE /* Frameworks */ = {
			isa = PBXFrameworksBuildPhase;
			buildActionMask = 2147483647;
			files = (
				B8419633233AA00A00E6558C /* CloudKit.framework in Frameworks */,
			);
			runOnlyForDeploymentPostprocessing = 0;
		};
/* End PBXFrameworksBuildPhase section */

/* Begin PBXGroup section */
		1EE9355CE73018BDFBD3E5B0 /* Pods */ = {
			isa = PBXGroup;
			children = (
			);
			path = Pods;
			sourceTree = "<group>";
		};
		9C331CAF24303B0B003934D6 /* ReviewAlgorithmTest */ = {
			isa = PBXGroup;
			children = (
				9C331CB024303B0B003934D6 /* ReviewAlgorithmTest.swift */,
				9C331CB224303B0B003934D6 /* Info.plist */,
			);
			path = ReviewAlgorithmTest;
			sourceTree = "<group>";
		};
		9C35CD5123DF724C0099F55D /* Swift+ */ = {
			isa = PBXGroup;
			children = (
				9C35CD5223DF725B0099F55D /* Date+.swift */,
				B8845806232BCEDE00B5CC3C /* Array+.swift */,
				B85C07DB23379E6400200B07 /* FetchedResults+.swift */,
				B895D2DD233159CC00767C4E /* String+.swift */,
				9C3164ED23E32F530095DF46 /* NSAttributedString+.swift */,
				9CC51AF123EB8C8800636842 /* NSManagedObjectContext+.swift */,
			);
			path = "Swift+";
			sourceTree = "<group>";
		};
		9C7C893023D9100100930E99 /* UIViews */ = {
			isa = PBXGroup;
			children = (
				9C35CD4F23DF61240099F55D /* UpcomingCardListCell.swift */,
				9C97674A23E24D81004F4E90 /* AlphabeticalCardListCell.swift */,
				9C3164EB23E32DF90095DF46 /* CreationDateCardListCell.swift */,
				9C331CB824304550003934D6 /* ReviewButtonContainerV.swift */,
				9C9168E02431A24200AD31A9 /* CardListCellStyle.swift */,
			);
			path = UIViews;
			sourceTree = "<group>";
		};
		9CF34022242F268600897B40 /* Protocols */ = {
			isa = PBXGroup;
			children = (
				9CF34023242F269C00897B40 /* WorkspaceAccessible.swift */,
				9C331CBA2430470C003934D6 /* ReviewAccessible.swift */,
			);
			path = Protocols;
			sourceTree = "<group>";
		};
		B8099DEA23C0BEBD00A56471 /* UIKit+ */ = {
			isa = PBXGroup;
			children = (
				B8099DEB23C0C59700A56471 /* UIVIew+.swift */,
				B844EDAF23C3471C0033D657 /* UIButton+.swift */,
				B8CF590F23C474E600F83DDB /* UIAlertController+.swift */,
				B80FF85023C5913C005F3AA7 /* UILabel+.swift */,
				B83C305E23C5B7C3008A24D4 /* UIColor+.swift */,
				9C7C893323D910DD00930E99 /* UITextView+.swift */,
				9C5EF4492416DD4200FEBE51 /* UIFont+.swift */,
				9C9168DE24319E3500AD31A9 /* UIImageView+.swift */,
			);
			path = "UIKit+";
			sourceTree = "<group>";
		};
		B84EA8532327AE9C00FAF4A1 /* Settings */ = {
			isa = PBXGroup;
			children = (
				B8D950602326C8E7001236AE /* TimeSettings.swift */,
				B8D950622326CA98001236AE /* TimeSetting.swift */,
				B8B8023B2326EDB60041098F /* SetTime.swift */,
			);
			name = Settings;
			path = "New Group";
			sourceTree = "<group>";
		};
		B85C07DD2338158500200B07 /* Workspace */ = {
			isa = PBXGroup;
			children = (
				B85C07D523365CCB00200B07 /* PageStructureView.swift */,
				B85C07D723365E3200200B07 /* PageInsideView.swift */,
				B85C07D923379DBB00200B07 /* PageNameEditView.swift */,
				B8F3794523537EC800CA9976 /* NewPageTF.swift */,
				B88CD832238B0FF400901DF6 /* PageNameCell.swift */,
				B88CD834238B1D1D00901DF6 /* WorkspaceBackButton.swift */,
			);
			path = Workspace;
			sourceTree = "<group>";
		};
		B88457F3232A4E0E00B5CC3C /* Keyboard Guardian */ = {
			isa = PBXGroup;
			children = (
				B88457F4232A4E3200B5CC3C /* KeyboardGuardian.swift */,
				B88457F6232A589C00B5CC3C /* UIApplication+.swift */,
			);
			path = "Keyboard Guardian";
			sourceTree = "<group>";
		};
		B8845808232BE4B300B5CC3C /* Reminder Tab */ = {
			isa = PBXGroup;
			children = (
				B8D950552326C4E5001236AE /* AddNewReminder.swift */,
				B84EA8532327AE9C00FAF4A1 /* Settings */,
			);
			path = "Reminder Tab";
			sourceTree = "<group>";
		};
		B8845809232BE4D400B5CC3C /* SR Tab */ = {
			isa = PBXGroup;
			children = (
				B88457FC232BA27800B5CC3C /* ReviewSR.swift */,
				B8845800232BA8EC00B5CC3C /* TaskCard.swift */,
				B886E725232D333C00BD76BD /* AddSR.swift */,
				B8AB581B232E80B100AD2012 /* CardEditView.swift */,
			);
			path = "SR Tab";
			sourceTree = "<group>";
		};
		B886E727232D8A9900BD76BD /* More Tab */ = {
			isa = PBXGroup;
			children = (
				B886E728232D8ABF00BD76BD /* MoreTab.swift */,
				B88457F8232A8FB500B5CC3C /* PrivacyPolicy.swift */,
				B8D53A8D232D924D006887FE /* DeveloperPage.swift */,
			);
			path = "More Tab";
			sourceTree = "<group>";
		};
		B8AB5820232E8F3300AD2012 /* Cards Tab */ = {
			isa = PBXGroup;
			children = (
				B8AB5821232E8F7A00AD2012 /* CardListView.swift */,
				B846750923536797006FC44F /* CardCellViews.swift */,
				B82D2F23235C87D60055A506 /* UpcomingRIghtView.swift */,
				B8EA1693235C90BA00845F04 /* CreationHistoryLabel.swift */,
			);
			path = "Cards Tab";
			sourceTree = "<group>";
		};
		B8C723D12336464F00455480 /* Services */ = {
			isa = PBXGroup;
			children = (
				B81428C6232EB41B0085AA1F /* MultiLineTextField.swift */,
				B8845803232BADFB00B5CC3C /* Color+.swift */,
				B895D2DF23315AC600767C4E /* Alert+.swift */,
				B8D9505B2326C82D001236AE /* Notification */,
				B88457F3232A4E0E00B5CC3C /* Keyboard Guardian */,
				B801F1332339312C003218BF /* Angle+.swift */,
				B871756D2343F55A00BB9E6F /* ActionSheet+.swift */,
				B8916D9B2367B8A5003A5758 /* View+.swift */,
				B828BC0E23786DBF00F2D959 /* ClearButton.swift */,
			);
			path = Services;
			sourceTree = "<group>";
		};
		B8D950302326C48F001236AE = {
			isa = PBXGroup;
			children = (
				B8D9503B2326C48F001236AE /* Notification App */,
				9C331CAF24303B0B003934D6 /* ReviewAlgorithmTest */,
				B8D9503A2326C48F001236AE /* Products */,
				1EE9355CE73018BDFBD3E5B0 /* Pods */,
				E13778E240410AA0E96101A8 /* Frameworks */,
			);
			sourceTree = "<group>";
		};
		B8D9503A2326C48F001236AE /* Products */ = {
			isa = PBXGroup;
			children = (
				B8D950392326C48F001236AE /* Space It.app */,
				9C331CAE24303B0B003934D6 /* ReviewAlgorithmTest.xctest */,
			);
			name = Products;
			sourceTree = "<group>";
		};
		B8D9503B2326C48F001236AE /* Notification App */ = {
			isa = PBXGroup;
			children = (
				9CF34022242F268600897B40 /* Protocols */,
				9C35CD5123DF724C0099F55D /* Swift+ */,
				B8099DEA23C0BEBD00A56471 /* UIKit+ */,
				B8419631233AA00800E6558C /* Notification App.entitlements */,
				B8C723D12336464F00455480 /* Services */,
				B8D950542326C4AB001236AE /* View */,
				9C7C893023D9100100930E99 /* UIViews */,
				B8D9B2D22329A94B00348987 /* UIViewControllers */,
				B8D950532326C4A4001236AE /* Model */,
				B8D9503C2326C48F001236AE /* AppDelegate.swift */,
				B8D9503E2326C48F001236AE /* SceneDelegate.swift */,
				B8D950452326C491001236AE /* Assets.xcassets */,
				B8D9504A2326C491001236AE /* LaunchScreen.storyboard */,
				B8D9504D2326C491001236AE /* Info.plist */,
				B8D950402326C48F001236AE /* Notification_App.xcdatamodeld */,
				B8D950472326C491001236AE /* Preview Content */,
			);
			path = "Notification App";
			sourceTree = "<group>";
		};
		B8D950472326C491001236AE /* Preview Content */ = {
			isa = PBXGroup;
			children = (
				B8D950482326C491001236AE /* Preview Assets.xcassets */,
			);
			path = "Preview Content";
			sourceTree = "<group>";
		};
		B8D950532326C4A4001236AE /* Model */ = {
			isa = PBXGroup;
			children = (
				B8D950572326C56D001236AE /* RemindTimeSettings.swift */,
				B8D950592326C58C001236AE /* UserSettings.swift */,
				B88457FE232BA2A100B5CC3C /* Spaced Repetition.swift */,
				9C3B270D23CF11C400CC5A13 /* Page+CoreDataClass.swift */,
				9C3B270B23CF11C400CC5A13 /* Page+CoreDataProperties.swift */,
				9C3B270E23CF11C400CC5A13 /* TaskSaved+CoreDataClass.swift */,
				9C3B270C23CF11C400CC5A13 /* TaskSaved+CoreDataProperties.swift */,
			);
			path = Model;
			sourceTree = "<group>";
		};
		B8D950542326C4AB001236AE /* View */ = {
			isa = PBXGroup;
			children = (
				B88457FA232BA0BA00B5CC3C /* MainTab.swift */,
				B8845809232BE4D400B5CC3C /* SR Tab */,
				B8AB5820232E8F3300AD2012 /* Cards Tab */,
				B85C07DD2338158500200B07 /* Workspace */,
				B886E727232D8A9900BD76BD /* More Tab */,
				B8845808232BE4B300B5CC3C /* Reminder Tab */,
			);
			path = View;
			sourceTree = "<group>";
		};
		B8D9505B2326C82D001236AE /* Notification */ = {
			isa = PBXGroup;
			children = (
				B8D9505D2326C85C001236AE /* NotificationDelegate.swift */,
				B8D9505C2326C85C001236AE /* UNUserNotificationCenter+.swift */,
			);
			path = Notification;
			sourceTree = "<group>";
		};
		B8D9B2D22329A94B00348987 /* UIViewControllers */ = {
			isa = PBXGroup;
			children = (
				B8099DE823C0BE4300A56471 /* CardEditVC.swift */,
				B87BF76023C59358006D372F /* CardListVC.swift */,
				B8D9B2D32329A97100348987 /* GADBannerViewController.swift */,
				9C7C893123D9103800930E99 /* NewCardVC.swift */,
				9C148EB823E4ECC800901930 /* WorkspaceVC.swift */,
				9CCB588023F2C590002C3B36 /* MainTabBarC.swift */,
			);
			path = UIViewControllers;
			sourceTree = "<group>";
		};
		E13778E240410AA0E96101A8 /* Frameworks */ = {
			isa = PBXGroup;
			children = (
				B8419632233AA00A00E6558C /* CloudKit.framework */,
			);
			name = Frameworks;
			sourceTree = "<group>";
		};
/* End PBXGroup section */

/* Begin PBXNativeTarget section */
		9C331CAD24303B0B003934D6 /* ReviewAlgorithmTest */ = {
			isa = PBXNativeTarget;
			buildConfigurationList = 9C331CB524303B0B003934D6 /* Build configuration list for PBXNativeTarget "ReviewAlgorithmTest" */;
			buildPhases = (
				9C331CAA24303B0B003934D6 /* Sources */,
				9C331CAB24303B0B003934D6 /* Frameworks */,
				9C331CAC24303B0B003934D6 /* Resources */,
			);
			buildRules = (
			);
			dependencies = (
				9C331CB424303B0B003934D6 /* PBXTargetDependency */,
			);
			name = ReviewAlgorithmTest;
			productName = ReviewAlgorithmTest;
			productReference = 9C331CAE24303B0B003934D6 /* ReviewAlgorithmTest.xctest */;
			productType = "com.apple.product-type.bundle.unit-test";
		};
		B8D950382326C48F001236AE /* Notification App */ = {
			isa = PBXNativeTarget;
			buildConfigurationList = B8D950502326C491001236AE /* Build configuration list for PBXNativeTarget "Notification App" */;
			buildPhases = (
				B8D950352326C48F001236AE /* Sources */,
				B8D950362326C48F001236AE /* Frameworks */,
				B8D950372326C48F001236AE /* Resources */,
			);
			buildRules = (
			);
			dependencies = (
			);
			name = "Notification App";
			productName = "Notification App";
			productReference = B8D950392326C48F001236AE /* Space It.app */;
			productType = "com.apple.product-type.application";
		};
/* End PBXNativeTarget section */

/* Begin PBXProject section */
		B8D950312326C48F001236AE /* Project object */ = {
			isa = PBXProject;
			attributes = {
				LastSwiftUpdateCheck = 1140;
				LastUpgradeCheck = 1100;
				ORGANIZATIONNAME = "Rintaro Kawagishi";
				TargetAttributes = {
					9C331CAD24303B0B003934D6 = {
						CreatedOnToolsVersion = 11.4;
						TestTargetID = B8D950382326C48F001236AE;
					};
					B8D950382326C48F001236AE = {
						CreatedOnToolsVersion = 11.0;
					};
				};
			};
			buildConfigurationList = B8D950342326C48F001236AE /* Build configuration list for PBXProject "Notification App" */;
			compatibilityVersion = "Xcode 9.3";
			developmentRegion = en;
			hasScannedForEncodings = 0;
			knownRegions = (
				en,
				Base,
			);
			mainGroup = B8D950302326C48F001236AE;
			productRefGroup = B8D9503A2326C48F001236AE /* Products */;
			projectDirPath = "";
			projectRoot = "";
			targets = (
				B8D950382326C48F001236AE /* Notification App */,
				9C331CAD24303B0B003934D6 /* ReviewAlgorithmTest */,
			);
		};
/* End PBXProject section */

/* Begin PBXResourcesBuildPhase section */
		9C331CAC24303B0B003934D6 /* Resources */ = {
			isa = PBXResourcesBuildPhase;
			buildActionMask = 2147483647;
			files = (
			);
			runOnlyForDeploymentPostprocessing = 0;
		};
		B8D950372326C48F001236AE /* Resources */ = {
			isa = PBXResourcesBuildPhase;
			buildActionMask = 2147483647;
			files = (
				B8D9504C2326C491001236AE /* LaunchScreen.storyboard in Resources */,
				B8D950492326C491001236AE /* Preview Assets.xcassets in Resources */,
				B8D950462326C491001236AE /* Assets.xcassets in Resources */,
			);
			runOnlyForDeploymentPostprocessing = 0;
		};
/* End PBXResourcesBuildPhase section */

/* Begin PBXSourcesBuildPhase section */
		9C331CAA24303B0B003934D6 /* Sources */ = {
			isa = PBXSourcesBuildPhase;
			buildActionMask = 2147483647;
			files = (
				9C331CB124303B0B003934D6 /* ReviewAlgorithmTest.swift in Sources */,
			);
			runOnlyForDeploymentPostprocessing = 0;
		};
		B8D950352326C48F001236AE /* Sources */ = {
			isa = PBXSourcesBuildPhase;
			buildActionMask = 2147483647;
			files = (
				9C97674B23E24D81004F4E90 /* AlphabeticalCardListCell.swift in Sources */,
				B8D950562326C4E5001236AE /* AddNewReminder.swift in Sources */,
				B8D53A8E232D924D006887FE /* DeveloperPage.swift in Sources */,
				9C331CB924304550003934D6 /* ReviewButtonContainerV.swift in Sources */,
				9C3B271023CF11C400CC5A13 /* TaskSaved+CoreDataProperties.swift in Sources */,
				9C331CBB2430470C003934D6 /* ReviewAccessible.swift in Sources */,
				B8845804232BADFB00B5CC3C /* Color+.swift in Sources */,
				9CF34024242F269C00897B40 /* WorkspaceAccessible.swift in Sources */,
				B8D9505A2326C58C001236AE /* UserSettings.swift in Sources */,
				B8AB581C232E80B100AD2012 /* CardEditView.swift in Sources */,
				9C3B271223CF11C400CC5A13 /* TaskSaved+CoreDataClass.swift in Sources */,
				9C35CD5023DF61240099F55D /* UpcomingCardListCell.swift in Sources */,
				B88457F7232A589C00B5CC3C /* UIApplication+.swift in Sources */,
				9C3164EC23E32DF90095DF46 /* CreationDateCardListCell.swift in Sources */,
				B88457FD232BA27800B5CC3C /* ReviewSR.swift in Sources */,
				B85C07D823365E3200200B07 /* PageInsideView.swift in Sources */,
				B8D9503D2326C48F001236AE /* AppDelegate.swift in Sources */,
				B8EA1694235C90BA00845F04 /* CreationHistoryLabel.swift in Sources */,
				B846750A23536797006FC44F /* CardCellViews.swift in Sources */,
				B828BC0F23786DBF00F2D959 /* ClearButton.swift in Sources */,
				B8099DEC23C0C59700A56471 /* UIVIew+.swift in Sources */,
				B87BF76123C59358006D372F /* CardListVC.swift in Sources */,
				B85C07DA23379DBB00200B07 /* PageNameEditView.swift in Sources */,
				B88457FB232BA0BA00B5CC3C /* MainTab.swift in Sources */,
				9C7C893223D9103800930E99 /* NewCardVC.swift in Sources */,
				B8099DE923C0BE4300A56471 /* CardEditVC.swift in Sources */,
				9CCB588123F2C590002C3B36 /* MainTabBarC.swift in Sources */,
				B8916D9C2367B8A5003A5758 /* View+.swift in Sources */,
				9C3164EE23E32F530095DF46 /* NSAttributedString+.swift in Sources */,
				9C9168E12431A24200AD31A9 /* CardListCellStyle.swift in Sources */,
				B80FF85123C5913C005F3AA7 /* UILabel+.swift in Sources */,
				B8D950632326CA98001236AE /* TimeSetting.swift in Sources */,
				B8D9503F2326C48F001236AE /* SceneDelegate.swift in Sources */,
				B8D9505E2326C85C001236AE /* UNUserNotificationCenter+.swift in Sources */,
				9C35CD5323DF725B0099F55D /* Date+.swift in Sources */,
				B8D950582326C56D001236AE /* RemindTimeSettings.swift in Sources */,
				B88457F5232A4E3200B5CC3C /* KeyboardGuardian.swift in Sources */,
				B8F3794623537EC800CA9976 /* NewPageTF.swift in Sources */,
				B88457FF232BA2A100B5CC3C /* Spaced Repetition.swift in Sources */,
				B81428C7232EB41B0085AA1F /* MultiLineTextField.swift in Sources */,
				B895D2E023315AC600767C4E /* Alert+.swift in Sources */,
				9C3B271123CF11C400CC5A13 /* Page+CoreDataClass.swift in Sources */,
				B844EDB023C3471C0033D657 /* UIButton+.swift in Sources */,
				9CC51AF223EB8C8800636842 /* NSManagedObjectContext+.swift in Sources */,
				B8845807232BCEDE00B5CC3C /* Array+.swift in Sources */,
				B801F1342339312C003218BF /* Angle+.swift in Sources */,
				9C9168DF24319E3500AD31A9 /* UIImageView+.swift in Sources */,
				B8AB5822232E8F7A00AD2012 /* CardListView.swift in Sources */,
				B85C07DC23379E6400200B07 /* FetchedResults+.swift in Sources */,
				B8845801232BA8EC00B5CC3C /* TaskCard.swift in Sources */,
				B82D2F24235C87D60055A506 /* UpcomingRIghtView.swift in Sources */,
				B88CD835238B1D1D00901DF6 /* WorkspaceBackButton.swift in Sources */,
				B8D950612326C8E7001236AE /* TimeSettings.swift in Sources */,
				B88457F9232A8FB500B5CC3C /* PrivacyPolicy.swift in Sources */,
				9C7C893423D910DD00930E99 /* UITextView+.swift in Sources */,
				B8D950422326C48F001236AE /* Notification_App.xcdatamodeld in Sources */,
				B871756E2343F55A00BB9E6F /* ActionSheet+.swift in Sources */,
				9C5EF44A2416DD4200FEBE51 /* UIFont+.swift in Sources */,
				9C148EB923E4ECC800901930 /* WorkspaceVC.swift in Sources */,
				B886E726232D333C00BD76BD /* AddSR.swift in Sources */,
				B85C07D623365CCB00200B07 /* PageStructureView.swift in Sources */,
				B8D9B2D42329A97100348987 /* GADBannerViewController.swift in Sources */,
				B895D2DE233159CC00767C4E /* String+.swift in Sources */,
				B8B8023C2326EDB60041098F /* SetTime.swift in Sources */,
				B886E729232D8ABF00BD76BD /* MoreTab.swift in Sources */,
				B8CF591023C474E600F83DDB /* UIAlertController+.swift in Sources */,
				B83C305F23C5B7C3008A24D4 /* UIColor+.swift in Sources */,
				9C3B270F23CF11C400CC5A13 /* Page+CoreDataProperties.swift in Sources */,
				B8D9505F2326C85C001236AE /* NotificationDelegate.swift in Sources */,
				B88CD833238B0FF400901DF6 /* PageNameCell.swift in Sources */,
			);
			runOnlyForDeploymentPostprocessing = 0;
		};
/* End PBXSourcesBuildPhase section */

/* Begin PBXTargetDependency section */
		9C331CB424303B0B003934D6 /* PBXTargetDependency */ = {
			isa = PBXTargetDependency;
			target = B8D950382326C48F001236AE /* Notification App */;
			targetProxy = 9C331CB324303B0B003934D6 /* PBXContainerItemProxy */;
		};
/* End PBXTargetDependency section */

/* Begin PBXVariantGroup section */
		B8D9504A2326C491001236AE /* LaunchScreen.storyboard */ = {
			isa = PBXVariantGroup;
			children = (
				B8D9504B2326C491001236AE /* Base */,
			);
			name = LaunchScreen.storyboard;
			sourceTree = "<group>";
		};
/* End PBXVariantGroup section */

/* Begin XCBuildConfiguration section */
		9C331CB624303B0B003934D6 /* Debug */ = {
			isa = XCBuildConfiguration;
			buildSettings = {
				BUNDLE_LOADER = "$(TEST_HOST)";
				CODE_SIGN_STYLE = Automatic;
				DEVELOPMENT_TEAM = G763XN7D9Q;
				INFOPLIST_FILE = ReviewAlgorithmTest/Info.plist;
				IPHONEOS_DEPLOYMENT_TARGET = 13.4;
				LD_RUNPATH_SEARCH_PATHS = (
					"$(inherited)",
					"@executable_path/Frameworks",
					"@loader_path/Frameworks",
				);
				PRODUCT_BUNDLE_IDENTIFIER = com.rickythedeveloper.ReviewAlgorithmTest;
				PRODUCT_NAME = "$(TARGET_NAME)";
				SWIFT_VERSION = 5.0;
				TARGETED_DEVICE_FAMILY = "1,2";
				TEST_HOST = "$(BUILT_PRODUCTS_DIR)/Space It.app/Space It";
			};
			name = Debug;
		};
		9C331CB724303B0B003934D6 /* Release */ = {
			isa = XCBuildConfiguration;
			buildSettings = {
				BUNDLE_LOADER = "$(TEST_HOST)";
				CODE_SIGN_STYLE = Automatic;
				DEVELOPMENT_TEAM = G763XN7D9Q;
				INFOPLIST_FILE = ReviewAlgorithmTest/Info.plist;
				IPHONEOS_DEPLOYMENT_TARGET = 13.4;
				LD_RUNPATH_SEARCH_PATHS = (
					"$(inherited)",
					"@executable_path/Frameworks",
					"@loader_path/Frameworks",
				);
				PRODUCT_BUNDLE_IDENTIFIER = com.rickythedeveloper.ReviewAlgorithmTest;
				PRODUCT_NAME = "$(TARGET_NAME)";
				SWIFT_VERSION = 5.0;
				TARGETED_DEVICE_FAMILY = "1,2";
				TEST_HOST = "$(BUILT_PRODUCTS_DIR)/Space It.app/Space It";
			};
			name = Release;
		};
		B8D9504E2326C491001236AE /* Debug */ = {
			isa = XCBuildConfiguration;
			buildSettings = {
				ALWAYS_SEARCH_USER_PATHS = NO;
				CLANG_ANALYZER_NONNULL = YES;
				CLANG_ANALYZER_NUMBER_OBJECT_CONVERSION = YES_AGGRESSIVE;
				CLANG_CXX_LANGUAGE_STANDARD = "gnu++14";
				CLANG_CXX_LIBRARY = "libc++";
				CLANG_ENABLE_MODULES = YES;
				CLANG_ENABLE_OBJC_ARC = YES;
				CLANG_ENABLE_OBJC_WEAK = YES;
				CLANG_WARN_BLOCK_CAPTURE_AUTORELEASING = YES;
				CLANG_WARN_BOOL_CONVERSION = YES;
				CLANG_WARN_COMMA = YES;
				CLANG_WARN_CONSTANT_CONVERSION = YES;
				CLANG_WARN_DEPRECATED_OBJC_IMPLEMENTATIONS = YES;
				CLANG_WARN_DIRECT_OBJC_ISA_USAGE = YES_ERROR;
				CLANG_WARN_DOCUMENTATION_COMMENTS = YES;
				CLANG_WARN_EMPTY_BODY = YES;
				CLANG_WARN_ENUM_CONVERSION = YES;
				CLANG_WARN_INFINITE_RECURSION = YES;
				CLANG_WARN_INT_CONVERSION = YES;
				CLANG_WARN_NON_LITERAL_NULL_CONVERSION = YES;
				CLANG_WARN_OBJC_IMPLICIT_RETAIN_SELF = YES;
				CLANG_WARN_OBJC_LITERAL_CONVERSION = YES;
				CLANG_WARN_OBJC_ROOT_CLASS = YES_ERROR;
				CLANG_WARN_RANGE_LOOP_ANALYSIS = YES;
				CLANG_WARN_STRICT_PROTOTYPES = YES;
				CLANG_WARN_SUSPICIOUS_MOVE = YES;
				CLANG_WARN_UNGUARDED_AVAILABILITY = YES_AGGRESSIVE;
				CLANG_WARN_UNREACHABLE_CODE = YES;
				CLANG_WARN__DUPLICATE_METHOD_MATCH = YES;
				COPY_PHASE_STRIP = NO;
				DEBUG_INFORMATION_FORMAT = dwarf;
				ENABLE_STRICT_OBJC_MSGSEND = YES;
				ENABLE_TESTABILITY = YES;
				GCC_C_LANGUAGE_STANDARD = gnu11;
				GCC_DYNAMIC_NO_PIC = NO;
				GCC_NO_COMMON_BLOCKS = YES;
				GCC_OPTIMIZATION_LEVEL = 0;
				GCC_PREPROCESSOR_DEFINITIONS = (
					"DEBUG=1",
					"$(inherited)",
				);
				GCC_WARN_64_TO_32_BIT_CONVERSION = YES;
				GCC_WARN_ABOUT_RETURN_TYPE = YES_ERROR;
				GCC_WARN_UNDECLARED_SELECTOR = YES;
				GCC_WARN_UNINITIALIZED_AUTOS = YES_AGGRESSIVE;
				GCC_WARN_UNUSED_FUNCTION = YES;
				GCC_WARN_UNUSED_VARIABLE = YES;
				IPHONEOS_DEPLOYMENT_TARGET = 13.0;
				MTL_ENABLE_DEBUG_INFO = INCLUDE_SOURCE;
				MTL_FAST_MATH = YES;
				ONLY_ACTIVE_ARCH = YES;
				SDKROOT = iphoneos;
				SWIFT_ACTIVE_COMPILATION_CONDITIONS = DEBUG;
				SWIFT_OPTIMIZATION_LEVEL = "-Onone";
			};
			name = Debug;
		};
		B8D9504F2326C491001236AE /* Release */ = {
			isa = XCBuildConfiguration;
			buildSettings = {
				ALWAYS_SEARCH_USER_PATHS = NO;
				CLANG_ANALYZER_NONNULL = YES;
				CLANG_ANALYZER_NUMBER_OBJECT_CONVERSION = YES_AGGRESSIVE;
				CLANG_CXX_LANGUAGE_STANDARD = "gnu++14";
				CLANG_CXX_LIBRARY = "libc++";
				CLANG_ENABLE_MODULES = YES;
				CLANG_ENABLE_OBJC_ARC = YES;
				CLANG_ENABLE_OBJC_WEAK = YES;
				CLANG_WARN_BLOCK_CAPTURE_AUTORELEASING = YES;
				CLANG_WARN_BOOL_CONVERSION = YES;
				CLANG_WARN_COMMA = YES;
				CLANG_WARN_CONSTANT_CONVERSION = YES;
				CLANG_WARN_DEPRECATED_OBJC_IMPLEMENTATIONS = YES;
				CLANG_WARN_DIRECT_OBJC_ISA_USAGE = YES_ERROR;
				CLANG_WARN_DOCUMENTATION_COMMENTS = YES;
				CLANG_WARN_EMPTY_BODY = YES;
				CLANG_WARN_ENUM_CONVERSION = YES;
				CLANG_WARN_INFINITE_RECURSION = YES;
				CLANG_WARN_INT_CONVERSION = YES;
				CLANG_WARN_NON_LITERAL_NULL_CONVERSION = YES;
				CLANG_WARN_OBJC_IMPLICIT_RETAIN_SELF = YES;
				CLANG_WARN_OBJC_LITERAL_CONVERSION = YES;
				CLANG_WARN_OBJC_ROOT_CLASS = YES_ERROR;
				CLANG_WARN_RANGE_LOOP_ANALYSIS = YES;
				CLANG_WARN_STRICT_PROTOTYPES = YES;
				CLANG_WARN_SUSPICIOUS_MOVE = YES;
				CLANG_WARN_UNGUARDED_AVAILABILITY = YES_AGGRESSIVE;
				CLANG_WARN_UNREACHABLE_CODE = YES;
				CLANG_WARN__DUPLICATE_METHOD_MATCH = YES;
				COPY_PHASE_STRIP = NO;
				DEBUG_INFORMATION_FORMAT = "dwarf-with-dsym";
				ENABLE_NS_ASSERTIONS = NO;
				ENABLE_STRICT_OBJC_MSGSEND = YES;
				GCC_C_LANGUAGE_STANDARD = gnu11;
				GCC_NO_COMMON_BLOCKS = YES;
				GCC_WARN_64_TO_32_BIT_CONVERSION = YES;
				GCC_WARN_ABOUT_RETURN_TYPE = YES_ERROR;
				GCC_WARN_UNDECLARED_SELECTOR = YES;
				GCC_WARN_UNINITIALIZED_AUTOS = YES_AGGRESSIVE;
				GCC_WARN_UNUSED_FUNCTION = YES;
				GCC_WARN_UNUSED_VARIABLE = YES;
				IPHONEOS_DEPLOYMENT_TARGET = 13.0;
				MTL_ENABLE_DEBUG_INFO = NO;
				MTL_FAST_MATH = YES;
				SDKROOT = iphoneos;
				SWIFT_COMPILATION_MODE = wholemodule;
				SWIFT_OPTIMIZATION_LEVEL = "-O";
				VALIDATE_PRODUCT = YES;
			};
			name = Release;
		};
		B8D950512326C491001236AE /* Debug */ = {
			isa = XCBuildConfiguration;
			buildSettings = {
				ASSETCATALOG_COMPILER_APPICON_NAME = AppIcon_2.0;
				CODE_SIGN_ENTITLEMENTS = "Notification App/Notification App.entitlements";
				CODE_SIGN_STYLE = Automatic;
				CURRENT_PROJECT_VERSION = 52;
				DERIVE_MACCATALYST_PRODUCT_BUNDLE_IDENTIFIER = YES;
				DEVELOPMENT_ASSET_PATHS = "\"Notification App/Preview Content\"";
				DEVELOPMENT_TEAM = G763XN7D9Q;
				ENABLE_PREVIEWS = YES;
				INFOPLIST_FILE = "Notification App/Info.plist";
				LD_RUNPATH_SEARCH_PATHS = (
					"$(inherited)",
					"@executable_path/Frameworks",
				);
				MARKETING_VERSION = 2.0;
				PRODUCT_BUNDLE_IDENTIFIER = "com.rickythedeveloper.Notification-App";
				PRODUCT_NAME = "Space It";
				SUPPORTS_MACCATALYST = YES;
				SWIFT_VERSION = 5.0;
				TARGETED_DEVICE_FAMILY = "1,2";
			};
			name = Debug;
		};
		B8D950522326C491001236AE /* Release */ = {
			isa = XCBuildConfiguration;
			buildSettings = {
				ASSETCATALOG_COMPILER_APPICON_NAME = AppIcon_2.0;
				CODE_SIGN_ENTITLEMENTS = "Notification App/Notification App.entitlements";
				CODE_SIGN_STYLE = Automatic;
				CURRENT_PROJECT_VERSION = 52;
				DERIVE_MACCATALYST_PRODUCT_BUNDLE_IDENTIFIER = YES;
				DEVELOPMENT_ASSET_PATHS = "\"Notification App/Preview Content\"";
				DEVELOPMENT_TEAM = G763XN7D9Q;
				ENABLE_PREVIEWS = YES;
				INFOPLIST_FILE = "Notification App/Info.plist";
				LD_RUNPATH_SEARCH_PATHS = (
					"$(inherited)",
					"@executable_path/Frameworks",
				);
				MARKETING_VERSION = 2.0;
				PRODUCT_BUNDLE_IDENTIFIER = "com.rickythedeveloper.Notification-App";
				PRODUCT_NAME = "Space It";
				SUPPORTS_MACCATALYST = YES;
				SWIFT_VERSION = 5.0;
				TARGETED_DEVICE_FAMILY = "1,2";
			};
			name = Release;
		};
/* End XCBuildConfiguration section */

/* Begin XCConfigurationList section */
		9C331CB524303B0B003934D6 /* Build configuration list for PBXNativeTarget "ReviewAlgorithmTest" */ = {
			isa = XCConfigurationList;
			buildConfigurations = (
				9C331CB624303B0B003934D6 /* Debug */,
				9C331CB724303B0B003934D6 /* Release */,
			);
			defaultConfigurationIsVisible = 0;
			defaultConfigurationName = Release;
		};
		B8D950342326C48F001236AE /* Build configuration list for PBXProject "Notification App" */ = {
			isa = XCConfigurationList;
			buildConfigurations = (
				B8D9504E2326C491001236AE /* Debug */,
				B8D9504F2326C491001236AE /* Release */,
			);
			defaultConfigurationIsVisible = 0;
			defaultConfigurationName = Release;
		};
		B8D950502326C491001236AE /* Build configuration list for PBXNativeTarget "Notification App" */ = {
			isa = XCConfigurationList;
			buildConfigurations = (
				B8D950512326C491001236AE /* Debug */,
				B8D950522326C491001236AE /* Release */,
			);
			defaultConfigurationIsVisible = 0;
			defaultConfigurationName = Release;
		};
/* End XCConfigurationList section */

/* Begin XCVersionGroup section */
		B8D950402326C48F001236AE /* Notification_App.xcdatamodeld */ = {
			isa = XCVersionGroup;
			children = (
				B8D950412326C48F001236AE /* Notification_App.xcdatamodel */,
			);
			currentVersion = B8D950412326C48F001236AE /* Notification_App.xcdatamodel */;
			path = Notification_App.xcdatamodeld;
			sourceTree = "<group>";
			versionGroupType = wrapper.xcdatamodel;
		};
/* End XCVersionGroup section */
	};
	rootObject = B8D950312326C48F001236AE /* Project object */;
}
