// !$*UTF8*$!
{
	archiveVersion = 1;
	classes = {
	};
	objectVersion = 51;
	objects = {

/* Begin PBXBuildFile section */
		9936B7853FDD4BE9984BD39E /* Pods_Notification_App.framework in Frameworks */ = {isa = PBXBuildFile; fileRef = D1E79BE1585F8564AA316F2F /* Pods_Notification_App.framework */; };
		B88457F5232A4E3200B5CC3C /* KeyboardGuardian.swift in Sources */ = {isa = PBXBuildFile; fileRef = B88457F4232A4E3200B5CC3C /* KeyboardGuardian.swift */; };
		B88457F7232A589C00B5CC3C /* UIApplication+.swift in Sources */ = {isa = PBXBuildFile; fileRef = B88457F6232A589C00B5CC3C /* UIApplication+.swift */; };
		B88457F9232A8FB500B5CC3C /* PrivacyPolicy.swift in Sources */ = {isa = PBXBuildFile; fileRef = B88457F8232A8FB500B5CC3C /* PrivacyPolicy.swift */; };
		B8B8023C2326EDB60041098F /* SetTime.swift in Sources */ = {isa = PBXBuildFile; fileRef = B8B8023B2326EDB60041098F /* SetTime.swift */; };
		B8D9503D2326C48F001236AE /* AppDelegate.swift in Sources */ = {isa = PBXBuildFile; fileRef = B8D9503C2326C48F001236AE /* AppDelegate.swift */; };
		B8D9503F2326C48F001236AE /* SceneDelegate.swift in Sources */ = {isa = PBXBuildFile; fileRef = B8D9503E2326C48F001236AE /* SceneDelegate.swift */; };
		B8D950422326C48F001236AE /* Notification_App.xcdatamodeld in Sources */ = {isa = PBXBuildFile; fileRef = B8D950402326C48F001236AE /* Notification_App.xcdatamodeld */; };
		B8D950462326C491001236AE /* Assets.xcassets in Resources */ = {isa = PBXBuildFile; fileRef = B8D950452326C491001236AE /* Assets.xcassets */; };
		B8D950492326C491001236AE /* Preview Assets.xcassets in Resources */ = {isa = PBXBuildFile; fileRef = B8D950482326C491001236AE /* Preview Assets.xcassets */; };
		B8D9504C2326C491001236AE /* LaunchScreen.storyboard in Resources */ = {isa = PBXBuildFile; fileRef = B8D9504A2326C491001236AE /* LaunchScreen.storyboard */; };
		B8D950562326C4E5001236AE /* AddNewReminder.swift in Sources */ = {isa = PBXBuildFile; fileRef = B8D950552326C4E5001236AE /* AddNewReminder.swift */; };
		B8D950582326C56D001236AE /* RemindTimeSettings.swift in Sources */ = {isa = PBXBuildFile; fileRef = B8D950572326C56D001236AE /* RemindTimeSettings.swift */; };
		B8D9505A2326C58C001236AE /* UserSettings.swift in Sources */ = {isa = PBXBuildFile; fileRef = B8D950592326C58C001236AE /* UserSettings.swift */; };
		B8D9505E2326C85C001236AE /* UNUserNotificationCenter+.swift in Sources */ = {isa = PBXBuildFile; fileRef = B8D9505C2326C85C001236AE /* UNUserNotificationCenter+.swift */; };
		B8D9505F2326C85C001236AE /* NotificationDelegate.swift in Sources */ = {isa = PBXBuildFile; fileRef = B8D9505D2326C85C001236AE /* NotificationDelegate.swift */; };
		B8D950612326C8E7001236AE /* TimeSettings.swift in Sources */ = {isa = PBXBuildFile; fileRef = B8D950602326C8E7001236AE /* TimeSettings.swift */; };
		B8D950632326CA98001236AE /* TimeSetting.swift in Sources */ = {isa = PBXBuildFile; fileRef = B8D950622326CA98001236AE /* TimeSetting.swift */; };
		B8D9B2D42329A97100348987 /* GADBannerViewController.swift in Sources */ = {isa = PBXBuildFile; fileRef = B8D9B2D32329A97100348987 /* GADBannerViewController.swift */; };
/* End PBXBuildFile section */

/* Begin PBXFileReference section */
		5B521FD02162129FF8121734 /* Pods-Notification App.release.xcconfig */ = {isa = PBXFileReference; includeInIndex = 1; lastKnownFileType = text.xcconfig; name = "Pods-Notification App.release.xcconfig"; path = "Target Support Files/Pods-Notification App/Pods-Notification App.release.xcconfig"; sourceTree = "<group>"; };
		6E28032A00F8E10F84C3ACE9 /* Pods-Notification App.debug.xcconfig */ = {isa = PBXFileReference; includeInIndex = 1; lastKnownFileType = text.xcconfig; name = "Pods-Notification App.debug.xcconfig"; path = "Target Support Files/Pods-Notification App/Pods-Notification App.debug.xcconfig"; sourceTree = "<group>"; };
		B88457F4232A4E3200B5CC3C /* KeyboardGuardian.swift */ = {isa = PBXFileReference; lastKnownFileType = sourcecode.swift; path = KeyboardGuardian.swift; sourceTree = "<group>"; };
		B88457F6232A589C00B5CC3C /* UIApplication+.swift */ = {isa = PBXFileReference; lastKnownFileType = sourcecode.swift; path = "UIApplication+.swift"; sourceTree = "<group>"; };
		B88457F8232A8FB500B5CC3C /* PrivacyPolicy.swift */ = {isa = PBXFileReference; lastKnownFileType = sourcecode.swift; path = PrivacyPolicy.swift; sourceTree = "<group>"; };
		B8B8023B2326EDB60041098F /* SetTime.swift */ = {isa = PBXFileReference; lastKnownFileType = sourcecode.swift; path = SetTime.swift; sourceTree = "<group>"; };
		B8D950392326C48F001236AE /* Notification App.app */ = {isa = PBXFileReference; explicitFileType = wrapper.application; includeInIndex = 0; path = "Notification App.app"; sourceTree = BUILT_PRODUCTS_DIR; };
		B8D9503C2326C48F001236AE /* AppDelegate.swift */ = {isa = PBXFileReference; lastKnownFileType = sourcecode.swift; path = AppDelegate.swift; sourceTree = "<group>"; };
		B8D9503E2326C48F001236AE /* SceneDelegate.swift */ = {isa = PBXFileReference; lastKnownFileType = sourcecode.swift; path = SceneDelegate.swift; sourceTree = "<group>"; };
		B8D950412326C48F001236AE /* Notification_App.xcdatamodel */ = {isa = PBXFileReference; lastKnownFileType = wrapper.xcdatamodel; path = Notification_App.xcdatamodel; sourceTree = "<group>"; };
		B8D950452326C491001236AE /* Assets.xcassets */ = {isa = PBXFileReference; lastKnownFileType = folder.assetcatalog; path = Assets.xcassets; sourceTree = "<group>"; };
		B8D950482326C491001236AE /* Preview Assets.xcassets */ = {isa = PBXFileReference; lastKnownFileType = folder.assetcatalog; path = "Preview Assets.xcassets"; sourceTree = "<group>"; };
		B8D9504B2326C491001236AE /* Base */ = {isa = PBXFileReference; lastKnownFileType = file.storyboard; name = Base; path = Base.lproj/LaunchScreen.storyboard; sourceTree = "<group>"; };
		B8D9504D2326C491001236AE /* Info.plist */ = {isa = PBXFileReference; lastKnownFileType = text.plist.xml; path = Info.plist; sourceTree = "<group>"; };
		B8D950552326C4E5001236AE /* AddNewReminder.swift */ = {isa = PBXFileReference; lastKnownFileType = sourcecode.swift; path = AddNewReminder.swift; sourceTree = "<group>"; };
		B8D950572326C56D001236AE /* RemindTimeSettings.swift */ = {isa = PBXFileReference; lastKnownFileType = sourcecode.swift; path = RemindTimeSettings.swift; sourceTree = "<group>"; };
		B8D950592326C58C001236AE /* UserSettings.swift */ = {isa = PBXFileReference; lastKnownFileType = sourcecode.swift; path = UserSettings.swift; sourceTree = "<group>"; };
		B8D9505C2326C85C001236AE /* UNUserNotificationCenter+.swift */ = {isa = PBXFileReference; fileEncoding = 4; lastKnownFileType = sourcecode.swift; path = "UNUserNotificationCenter+.swift"; sourceTree = "<group>"; };
		B8D9505D2326C85C001236AE /* NotificationDelegate.swift */ = {isa = PBXFileReference; fileEncoding = 4; lastKnownFileType = sourcecode.swift; path = NotificationDelegate.swift; sourceTree = "<group>"; };
		B8D950602326C8E7001236AE /* TimeSettings.swift */ = {isa = PBXFileReference; lastKnownFileType = sourcecode.swift; path = TimeSettings.swift; sourceTree = "<group>"; };
		B8D950622326CA98001236AE /* TimeSetting.swift */ = {isa = PBXFileReference; lastKnownFileType = sourcecode.swift; path = TimeSetting.swift; sourceTree = "<group>"; };
		B8D9B2D32329A97100348987 /* GADBannerViewController.swift */ = {isa = PBXFileReference; lastKnownFileType = sourcecode.swift; path = GADBannerViewController.swift; sourceTree = "<group>"; };
		D1E79BE1585F8564AA316F2F /* Pods_Notification_App.framework */ = {isa = PBXFileReference; explicitFileType = wrapper.framework; includeInIndex = 0; path = Pods_Notification_App.framework; sourceTree = BUILT_PRODUCTS_DIR; };
/* End PBXFileReference section */

/* Begin PBXFrameworksBuildPhase section */
		B8D950362326C48F001236AE /* Frameworks */ = {
			isa = PBXFrameworksBuildPhase;
			buildActionMask = 2147483647;
			files = (
				9936B7853FDD4BE9984BD39E /* Pods_Notification_App.framework in Frameworks */,
			);
			runOnlyForDeploymentPostprocessing = 0;
		};
/* End PBXFrameworksBuildPhase section */

/* Begin PBXGroup section */
		1EE9355CE73018BDFBD3E5B0 /* Pods */ = {
			isa = PBXGroup;
			children = (
				6E28032A00F8E10F84C3ACE9 /* Pods-Notification App.debug.xcconfig */,
				5B521FD02162129FF8121734 /* Pods-Notification App.release.xcconfig */,
			);
			path = Pods;
			sourceTree = "<group>";
		};
		B84EA8532327AE9C00FAF4A1 /* Settings */ = {
			isa = PBXGroup;
			children = (
				B8D950602326C8E7001236AE /* TimeSettings.swift */,
				B8D950622326CA98001236AE /* TimeSetting.swift */,
				B8B8023B2326EDB60041098F /* SetTime.swift */,
			);
			name = Settings;
			path = "New Group";
			sourceTree = "<group>";
		};
		B88457F3232A4E0E00B5CC3C /* Keyboard Guardian */ = {
			isa = PBXGroup;
			children = (
				B88457F4232A4E3200B5CC3C /* KeyboardGuardian.swift */,
				B88457F6232A589C00B5CC3C /* UIApplication+.swift */,
			);
			path = "Keyboard Guardian";
			sourceTree = "<group>";
		};
		B8D950302326C48F001236AE = {
			isa = PBXGroup;
			children = (
				B8D9503B2326C48F001236AE /* Notification App */,
				B8D9503A2326C48F001236AE /* Products */,
				1EE9355CE73018BDFBD3E5B0 /* Pods */,
				E13778E240410AA0E96101A8 /* Frameworks */,
			);
			sourceTree = "<group>";
		};
		B8D9503A2326C48F001236AE /* Products */ = {
			isa = PBXGroup;
			children = (
				B8D950392326C48F001236AE /* Notification App.app */,
			);
			name = Products;
			sourceTree = "<group>";
		};
		B8D9503B2326C48F001236AE /* Notification App */ = {
			isa = PBXGroup;
			children = (
				B88457F3232A4E0E00B5CC3C /* Keyboard Guardian */,
				B8D9B2D22329A94B00348987 /* Controller */,
				B8D9505B2326C82D001236AE /* Notification */,
				B8D950542326C4AB001236AE /* View */,
				B8D950532326C4A4001236AE /* Model */,
				B8D9503C2326C48F001236AE /* AppDelegate.swift */,
				B8D9503E2326C48F001236AE /* SceneDelegate.swift */,
				B8D950452326C491001236AE /* Assets.xcassets */,
				B8D9504A2326C491001236AE /* LaunchScreen.storyboard */,
				B8D9504D2326C491001236AE /* Info.plist */,
				B8D950402326C48F001236AE /* Notification_App.xcdatamodeld */,
				B8D950472326C491001236AE /* Preview Content */,
			);
			path = "Notification App";
			sourceTree = "<group>";
		};
		B8D950472326C491001236AE /* Preview Content */ = {
			isa = PBXGroup;
			children = (
				B8D950482326C491001236AE /* Preview Assets.xcassets */,
			);
			path = "Preview Content";
			sourceTree = "<group>";
		};
		B8D950532326C4A4001236AE /* Model */ = {
			isa = PBXGroup;
			children = (
				B8D950572326C56D001236AE /* RemindTimeSettings.swift */,
				B8D950592326C58C001236AE /* UserSettings.swift */,
			);
			path = Model;
			sourceTree = "<group>";
		};
		B8D950542326C4AB001236AE /* View */ = {
			isa = PBXGroup;
			children = (
				B8D950552326C4E5001236AE /* AddNewReminder.swift */,
				B84EA8532327AE9C00FAF4A1 /* Settings */,
				B88457F8232A8FB500B5CC3C /* PrivacyPolicy.swift */,
			);
			path = View;
			sourceTree = "<group>";
		};
		B8D9505B2326C82D001236AE /* Notification */ = {
			isa = PBXGroup;
			children = (
				B8D9505D2326C85C001236AE /* NotificationDelegate.swift */,
				B8D9505C2326C85C001236AE /* UNUserNotificationCenter+.swift */,
			);
			path = Notification;
			sourceTree = "<group>";
		};
		B8D9B2D22329A94B00348987 /* Controller */ = {
			isa = PBXGroup;
			children = (
				B8D9B2D32329A97100348987 /* GADBannerViewController.swift */,
			);
			path = Controller;
			sourceTree = "<group>";
		};
		E13778E240410AA0E96101A8 /* Frameworks */ = {
			isa = PBXGroup;
			children = (
				D1E79BE1585F8564AA316F2F /* Pods_Notification_App.framework */,
			);
			name = Frameworks;
			sourceTree = "<group>";
		};
/* End PBXGroup section */

/* Begin PBXNativeTarget section */
		B8D950382326C48F001236AE /* Notification App */ = {
			isa = PBXNativeTarget;
			buildConfigurationList = B8D950502326C491001236AE /* Build configuration list for PBXNativeTarget "Notification App" */;
			buildPhases = (
				BFCACBCC3CAD7B1743E2CF02 /* [CP] Check Pods Manifest.lock */,
				B8D950352326C48F001236AE /* Sources */,
				B8D950362326C48F001236AE /* Frameworks */,
				B8D950372326C48F001236AE /* Resources */,
				63A279DF844D26653CBAC0B9 /* [CP] Embed Pods Frameworks */,
			);
			buildRules = (
			);
			dependencies = (
			);
			name = "Notification App";
			productName = "Notification App";
			productReference = B8D950392326C48F001236AE /* Notification App.app */;
			productType = "com.apple.product-type.application";
		};
/* End PBXNativeTarget section */

/* Begin PBXProject section */
		B8D950312326C48F001236AE /* Project object */ = {
			isa = PBXProject;
			attributes = {
				LastSwiftUpdateCheck = 1100;
				LastUpgradeCheck = 1100;
				ORGANIZATIONNAME = "Rintaro Kawagishi";
				TargetAttributes = {
					B8D950382326C48F001236AE = {
						CreatedOnToolsVersion = 11.0;
					};
				};
			};
			buildConfigurationList = B8D950342326C48F001236AE /* Build configuration list for PBXProject "Notification App" */;
			compatibilityVersion = "Xcode 9.3";
			developmentRegion = en;
			hasScannedForEncodings = 0;
			knownRegions = (
				en,
				Base,
			);
			mainGroup = B8D950302326C48F001236AE;
			productRefGroup = B8D9503A2326C48F001236AE /* Products */;
			projectDirPath = "";
			projectRoot = "";
			targets = (
				B8D950382326C48F001236AE /* Notification App */,
			);
		};
/* End PBXProject section */

/* Begin PBXResourcesBuildPhase section */
		B8D950372326C48F001236AE /* Resources */ = {
			isa = PBXResourcesBuildPhase;
			buildActionMask = 2147483647;
			files = (
				B8D9504C2326C491001236AE /* LaunchScreen.storyboard in Resources */,
				B8D950492326C491001236AE /* Preview Assets.xcassets in Resources */,
				B8D950462326C491001236AE /* Assets.xcassets in Resources */,
			);
			runOnlyForDeploymentPostprocessing = 0;
		};
/* End PBXResourcesBuildPhase section */

/* Begin PBXShellScriptBuildPhase section */
		63A279DF844D26653CBAC0B9 /* [CP] Embed Pods Frameworks */ = {
			isa = PBXShellScriptBuildPhase;
			buildActionMask = 2147483647;
			files = (
			);
			inputFileListPaths = (
				"${PODS_ROOT}/Target Support Files/Pods-Notification App/Pods-Notification App-frameworks-${CONFIGURATION}-input-files.xcfilelist",
			);
			name = "[CP] Embed Pods Frameworks";
			outputFileListPaths = (
				"${PODS_ROOT}/Target Support Files/Pods-Notification App/Pods-Notification App-frameworks-${CONFIGURATION}-output-files.xcfilelist",
			);
			runOnlyForDeploymentPostprocessing = 0;
			shellPath = /bin/sh;
			shellScript = "\"${PODS_ROOT}/Target Support Files/Pods-Notification App/Pods-Notification App-frameworks.sh\"\n";
			showEnvVarsInLog = 0;
		};
		BFCACBCC3CAD7B1743E2CF02 /* [CP] Check Pods Manifest.lock */ = {
			isa = PBXShellScriptBuildPhase;
			buildActionMask = 2147483647;
			files = (
			);
			inputFileListPaths = (
			);
			inputPaths = (
				"${PODS_PODFILE_DIR_PATH}/Podfile.lock",
				"${PODS_ROOT}/Manifest.lock",
			);
			name = "[CP] Check Pods Manifest.lock";
			outputFileListPaths = (
			);
			outputPaths = (
				"$(DERIVED_FILE_DIR)/Pods-Notification App-checkManifestLockResult.txt",
			);
			runOnlyForDeploymentPostprocessing = 0;
			shellPath = /bin/sh;
			shellScript = "diff \"${PODS_PODFILE_DIR_PATH}/Podfile.lock\" \"${PODS_ROOT}/Manifest.lock\" > /dev/null\nif [ $? != 0 ] ; then\n    # print error to STDERR\n    echo \"error: The sandbox is not in sync with the Podfile.lock. Run 'pod install' or update your CocoaPods installation.\" >&2\n    exit 1\nfi\n# This output is used by Xcode 'outputs' to avoid re-running this script phase.\necho \"SUCCESS\" > \"${SCRIPT_OUTPUT_FILE_0}\"\n";
			showEnvVarsInLog = 0;
		};
/* End PBXShellScriptBuildPhase section */

/* Begin PBXSourcesBuildPhase section */
		B8D950352326C48F001236AE /* Sources */ = {
			isa = PBXSourcesBuildPhase;
			buildActionMask = 2147483647;
			files = (
				B8D950562326C4E5001236AE /* AddNewReminder.swift in Sources */,
				B8D9505A2326C58C001236AE /* UserSettings.swift in Sources */,
				B88457F7232A589C00B5CC3C /* UIApplication+.swift in Sources */,
				B8D9503D2326C48F001236AE /* AppDelegate.swift in Sources */,
				B8D950632326CA98001236AE /* TimeSetting.swift in Sources */,
				B8D9503F2326C48F001236AE /* SceneDelegate.swift in Sources */,
				B8D9505E2326C85C001236AE /* UNUserNotificationCenter+.swift in Sources */,
				B8D950582326C56D001236AE /* RemindTimeSettings.swift in Sources */,
				B88457F5232A4E3200B5CC3C /* KeyboardGuardian.swift in Sources */,
				B8D950612326C8E7001236AE /* TimeSettings.swift in Sources */,
				B88457F9232A8FB500B5CC3C /* PrivacyPolicy.swift in Sources */,
				B8D950422326C48F001236AE /* Notification_App.xcdatamodeld in Sources */,
				B8D9B2D42329A97100348987 /* GADBannerViewController.swift in Sources */,
				B8B8023C2326EDB60041098F /* SetTime.swift in Sources */,
				B8D9505F2326C85C001236AE /* NotificationDelegate.swift in Sources */,
			);
			runOnlyForDeploymentPostprocessing = 0;
		};
/* End PBXSourcesBuildPhase section */

/* Begin PBXVariantGroup section */
		B8D9504A2326C491001236AE /* LaunchScreen.storyboard */ = {
			isa = PBXVariantGroup;
			children = (
				B8D9504B2326C491001236AE /* Base */,
			);
			name = LaunchScreen.storyboard;
			sourceTree = "<group>";
		};
/* End PBXVariantGroup section */

/* Begin XCBuildConfiguration section */
		B8D9504E2326C491001236AE /* Debug */ = {
			isa = XCBuildConfiguration;
			buildSettings = {
				ALWAYS_SEARCH_USER_PATHS = NO;
				CLANG_ANALYZER_NONNULL = YES;
				CLANG_ANALYZER_NUMBER_OBJECT_CONVERSION = YES_AGGRESSIVE;
				CLANG_CXX_LANGUAGE_STANDARD = "gnu++14";
				CLANG_CXX_LIBRARY = "libc++";
				CLANG_ENABLE_MODULES = YES;
				CLANG_ENABLE_OBJC_ARC = YES;
				CLANG_ENABLE_OBJC_WEAK = YES;
				CLANG_WARN_BLOCK_CAPTURE_AUTORELEASING = YES;
				CLANG_WARN_BOOL_CONVERSION = YES;
				CLANG_WARN_COMMA = YES;
				CLANG_WARN_CONSTANT_CONVERSION = YES;
				CLANG_WARN_DEPRECATED_OBJC_IMPLEMENTATIONS = YES;
				CLANG_WARN_DIRECT_OBJC_ISA_USAGE = YES_ERROR;
				CLANG_WARN_DOCUMENTATION_COMMENTS = YES;
				CLANG_WARN_EMPTY_BODY = YES;
				CLANG_WARN_ENUM_CONVERSION = YES;
				CLANG_WARN_INFINITE_RECURSION = YES;
				CLANG_WARN_INT_CONVERSION = YES;
				CLANG_WARN_NON_LITERAL_NULL_CONVERSION = YES;
				CLANG_WARN_OBJC_IMPLICIT_RETAIN_SELF = YES;
				CLANG_WARN_OBJC_LITERAL_CONVERSION = YES;
				CLANG_WARN_OBJC_ROOT_CLASS = YES_ERROR;
				CLANG_WARN_RANGE_LOOP_ANALYSIS = YES;
				CLANG_WARN_STRICT_PROTOTYPES = YES;
				CLANG_WARN_SUSPICIOUS_MOVE = YES;
				CLANG_WARN_UNGUARDED_AVAILABILITY = YES_AGGRESSIVE;
				CLANG_WARN_UNREACHABLE_CODE = YES;
				CLANG_WARN__DUPLICATE_METHOD_MATCH = YES;
				COPY_PHASE_STRIP = NO;
				DEBUG_INFORMATION_FORMAT = dwarf;
				ENABLE_STRICT_OBJC_MSGSEND = YES;
				ENABLE_TESTABILITY = YES;
				GCC_C_LANGUAGE_STANDARD = gnu11;
				GCC_DYNAMIC_NO_PIC = NO;
				GCC_NO_COMMON_BLOCKS = YES;
				GCC_OPTIMIZATION_LEVEL = 0;
				GCC_PREPROCESSOR_DEFINITIONS = (
					"DEBUG=1",
					"$(inherited)",
				);
				GCC_WARN_64_TO_32_BIT_CONVERSION = YES;
				GCC_WARN_ABOUT_RETURN_TYPE = YES_ERROR;
				GCC_WARN_UNDECLARED_SELECTOR = YES;
				GCC_WARN_UNINITIALIZED_AUTOS = YES_AGGRESSIVE;
				GCC_WARN_UNUSED_FUNCTION = YES;
				GCC_WARN_UNUSED_VARIABLE = YES;
				IPHONEOS_DEPLOYMENT_TARGET = 13.0;
				MTL_ENABLE_DEBUG_INFO = INCLUDE_SOURCE;
				MTL_FAST_MATH = YES;
				ONLY_ACTIVE_ARCH = YES;
				SDKROOT = iphoneos;
				SWIFT_ACTIVE_COMPILATION_CONDITIONS = DEBUG;
				SWIFT_OPTIMIZATION_LEVEL = "-Onone";
			};
			name = Debug;
		};
		B8D9504F2326C491001236AE /* Release */ = {
			isa = XCBuildConfiguration;
			buildSettings = {
				ALWAYS_SEARCH_USER_PATHS = NO;
				CLANG_ANALYZER_NONNULL = YES;
				CLANG_ANALYZER_NUMBER_OBJECT_CONVERSION = YES_AGGRESSIVE;
				CLANG_CXX_LANGUAGE_STANDARD = "gnu++14";
				CLANG_CXX_LIBRARY = "libc++";
				CLANG_ENABLE_MODULES = YES;
				CLANG_ENABLE_OBJC_ARC = YES;
				CLANG_ENABLE_OBJC_WEAK = YES;
				CLANG_WARN_BLOCK_CAPTURE_AUTORELEASING = YES;
				CLANG_WARN_BOOL_CONVERSION = YES;
				CLANG_WARN_COMMA = YES;
				CLANG_WARN_CONSTANT_CONVERSION = YES;
				CLANG_WARN_DEPRECATED_OBJC_IMPLEMENTATIONS = YES;
				CLANG_WARN_DIRECT_OBJC_ISA_USAGE = YES_ERROR;
				CLANG_WARN_DOCUMENTATION_COMMENTS = YES;
				CLANG_WARN_EMPTY_BODY = YES;
				CLANG_WARN_ENUM_CONVERSION = YES;
				CLANG_WARN_INFINITE_RECURSION = YES;
				CLANG_WARN_INT_CONVERSION = YES;
				CLANG_WARN_NON_LITERAL_NULL_CONVERSION = YES;
				CLANG_WARN_OBJC_IMPLICIT_RETAIN_SELF = YES;
				CLANG_WARN_OBJC_LITERAL_CONVERSION = YES;
				CLANG_WARN_OBJC_ROOT_CLASS = YES_ERROR;
				CLANG_WARN_RANGE_LOOP_ANALYSIS = YES;
				CLANG_WARN_STRICT_PROTOTYPES = YES;
				CLANG_WARN_SUSPICIOUS_MOVE = YES;
				CLANG_WARN_UNGUARDED_AVAILABILITY = YES_AGGRESSIVE;
				CLANG_WARN_UNREACHABLE_CODE = YES;
				CLANG_WARN__DUPLICATE_METHOD_MATCH = YES;
				COPY_PHASE_STRIP = NO;
				DEBUG_INFORMATION_FORMAT = "dwarf-with-dsym";
				ENABLE_NS_ASSERTIONS = NO;
				ENABLE_STRICT_OBJC_MSGSEND = YES;
				GCC_C_LANGUAGE_STANDARD = gnu11;
				GCC_NO_COMMON_BLOCKS = YES;
				GCC_WARN_64_TO_32_BIT_CONVERSION = YES;
				GCC_WARN_ABOUT_RETURN_TYPE = YES_ERROR;
				GCC_WARN_UNDECLARED_SELECTOR = YES;
				GCC_WARN_UNINITIALIZED_AUTOS = YES_AGGRESSIVE;
				GCC_WARN_UNUSED_FUNCTION = YES;
				GCC_WARN_UNUSED_VARIABLE = YES;
				IPHONEOS_DEPLOYMENT_TARGET = 13.0;
				MTL_ENABLE_DEBUG_INFO = NO;
				MTL_FAST_MATH = YES;
				SDKROOT = iphoneos;
				SWIFT_COMPILATION_MODE = wholemodule;
				SWIFT_OPTIMIZATION_LEVEL = "-O";
				VALIDATE_PRODUCT = YES;
			};
			name = Release;
		};
		B8D950512326C491001236AE /* Debug */ = {
			isa = XCBuildConfiguration;
			baseConfigurationReference = 6E28032A00F8E10F84C3ACE9 /* Pods-Notification App.debug.xcconfig */;
			buildSettings = {
				ASSETCATALOG_COMPILER_APPICON_NAME = AppIcon;
				CODE_SIGN_STYLE = Automatic;
				DEVELOPMENT_ASSET_PATHS = "\"Notification App/Preview Content\"";
				DEVELOPMENT_TEAM = G763XN7D9Q;
				ENABLE_PREVIEWS = YES;
				INFOPLIST_FILE = "Notification App/Info.plist";
				LD_RUNPATH_SEARCH_PATHS = (
					"$(inherited)",
					"@executable_path/Frameworks",
				);
				PRODUCT_BUNDLE_IDENTIFIER = "com.rickythedeveloper.Notification-App";
				PRODUCT_NAME = "$(TARGET_NAME)";
				SWIFT_VERSION = 5.0;
				TARGETED_DEVICE_FAMILY = "1,2";
			};
			name = Debug;
		};
		B8D950522326C491001236AE /* Release */ = {
			isa = XCBuildConfiguration;
			baseConfigurationReference = 5B521FD02162129FF8121734 /* Pods-Notification App.release.xcconfig */;
			buildSettings = {
				ASSETCATALOG_COMPILER_APPICON_NAME = AppIcon;
				CODE_SIGN_STYLE = Automatic;
				DEVELOPMENT_ASSET_PATHS = "\"Notification App/Preview Content\"";
				DEVELOPMENT_TEAM = G763XN7D9Q;
				ENABLE_PREVIEWS = YES;
				INFOPLIST_FILE = "Notification App/Info.plist";
				LD_RUNPATH_SEARCH_PATHS = (
					"$(inherited)",
					"@executable_path/Frameworks",
				);
				PRODUCT_BUNDLE_IDENTIFIER = "com.rickythedeveloper.Notification-App";
				PRODUCT_NAME = "$(TARGET_NAME)";
				SWIFT_VERSION = 5.0;
				TARGETED_DEVICE_FAMILY = "1,2";
			};
			name = Release;
		};
/* End XCBuildConfiguration section */

/* Begin XCConfigurationList section */
		B8D950342326C48F001236AE /* Build configuration list for PBXProject "Notification App" */ = {
			isa = XCConfigurationList;
			buildConfigurations = (
				B8D9504E2326C491001236AE /* Debug */,
				B8D9504F2326C491001236AE /* Release */,
			);
			defaultConfigurationIsVisible = 0;
			defaultConfigurationName = Release;
		};
		B8D950502326C491001236AE /* Build configuration list for PBXNativeTarget "Notification App" */ = {
			isa = XCConfigurationList;
			buildConfigurations = (
				B8D950512326C491001236AE /* Debug */,
				B8D950522326C491001236AE /* Release */,
			);
			defaultConfigurationIsVisible = 0;
			defaultConfigurationName = Release;
		};
/* End XCConfigurationList section */

/* Begin XCVersionGroup section */
		B8D950402326C48F001236AE /* Notification_App.xcdatamodeld */ = {
			isa = XCVersionGroup;
			children = (
				B8D950412326C48F001236AE /* Notification_App.xcdatamodel */,
			);
			currentVersion = B8D950412326C48F001236AE /* Notification_App.xcdatamodel */;
			path = Notification_App.xcdatamodeld;
			sourceTree = "<group>";
			versionGroupType = wrapper.xcdatamodel;
		};
/* End XCVersionGroup section */
	};
	rootObject = B8D950312326C48F001236AE /* Project object */;
}
