// !$*UTF8*$!
{
	archiveVersion = 1;
	classes = {
	};
	objectVersion = 51;
	objects = {

/* Begin PBXBuildFile section */
		9C29806D2435FD2100176A7A /* SubscribeVC.swift in Sources */ = {isa = PBXBuildFile; fileRef = 9C29806C2435FD2100176A7A /* SubscribeVC.swift */; };
		9C29806F243613F200176A7A /* SwiftyStoreKitWrapper.swift in Sources */ = {isa = PBXBuildFile; fileRef = 9C29806E243613F200176A7A /* SwiftyStoreKitWrapper.swift */; };
		9C3164EC23E32DF90095DF46 /* CreationDateCardListCell.swift in Sources */ = {isa = PBXBuildFile; fileRef = 9C3164EB23E32DF90095DF46 /* CreationDateCardListCell.swift */; };
		9C3164EE23E32F530095DF46 /* NSAttributedString+.swift in Sources */ = {isa = PBXBuildFile; fileRef = 9C3164ED23E32F530095DF46 /* NSAttributedString+.swift */; };
		9C331CB124303B0B003934D6 /* ReviewAlgorithmTest.swift in Sources */ = {isa = PBXBuildFile; fileRef = 9C331CB024303B0B003934D6 /* ReviewAlgorithmTest.swift */; };
		9C35CD5023DF61240099F55D /* UpcomingCardListCell.swift in Sources */ = {isa = PBXBuildFile; fileRef = 9C35CD4F23DF61240099F55D /* UpcomingCardListCell.swift */; };
		9C35CD5323DF725B0099F55D /* Date+.swift in Sources */ = {isa = PBXBuildFile; fileRef = 9C35CD5223DF725B0099F55D /* Date+.swift */; };
		9C38E6D3243D87680012FC59 /* NewVersionInfoV.swift in Sources */ = {isa = PBXBuildFile; fileRef = 9C38E6D2243D87680012FC59 /* NewVersionInfoV.swift */; };
		9C38E6D5243DBC7B0012FC59 /* UITableView+.swift in Sources */ = {isa = PBXBuildFile; fileRef = 9C38E6D4243DBC7B0012FC59 /* UITableView+.swift */; };
		9C3B270F23CF11C400CC5A13 /* Page+CoreDataProperties.swift in Sources */ = {isa = PBXBuildFile; fileRef = 9C3B270B23CF11C400CC5A13 /* Page+CoreDataProperties.swift */; };
		9C3B271023CF11C400CC5A13 /* TaskSaved+CoreDataProperties.swift in Sources */ = {isa = PBXBuildFile; fileRef = 9C3B270C23CF11C400CC5A13 /* TaskSaved+CoreDataProperties.swift */; };
		9C3B271123CF11C400CC5A13 /* Page+CoreDataClass.swift in Sources */ = {isa = PBXBuildFile; fileRef = 9C3B270D23CF11C400CC5A13 /* Page+CoreDataClass.swift */; };
		9C3B271223CF11C400CC5A13 /* TaskSaved+CoreDataClass.swift in Sources */ = {isa = PBXBuildFile; fileRef = 9C3B270E23CF11C400CC5A13 /* TaskSaved+CoreDataClass.swift */; };
		9C5656242471660B00CD8CC2 /* UIViewController+.swift in Sources */ = {isa = PBXBuildFile; fileRef = 9C5656232471660B00CD8CC2 /* UIViewController+.swift */; };
		9C5AE61524342F6B0044D8B8 /* IntroEachPageVC.swift in Sources */ = {isa = PBXBuildFile; fileRef = 9C5AE61424342F6B0044D8B8 /* IntroEachPageVC.swift */; };
		9C5EF44A2416DD4200FEBE51 /* UIFont+.swift in Sources */ = {isa = PBXBuildFile; fileRef = 9C5EF4492416DD4200FEBE51 /* UIFont+.swift */; };
		9C73108124333A66008E9820 /* IntroVC.swift in Sources */ = {isa = PBXBuildFile; fileRef = 9C73108024333A66008E9820 /* IntroVC.swift */; };
		9C731083243347C3008E9820 /* IntroPageVC.swift in Sources */ = {isa = PBXBuildFile; fileRef = 9C731082243347C3008E9820 /* IntroPageVC.swift */; };
		9C79C1F8248FCE440057CEA7 /* WorkspaceColumnVC+Options.swift in Sources */ = {isa = PBXBuildFile; fileRef = 9C79C1F7248FCE440057CEA7 /* WorkspaceColumnVC+Options.swift */; };
		9C7C893223D9103800930E99 /* NewCardVC.swift in Sources */ = {isa = PBXBuildFile; fileRef = 9C7C893123D9103800930E99 /* NewCardVC.swift */; };
		9C7C893423D910DD00930E99 /* UITextView+.swift in Sources */ = {isa = PBXBuildFile; fileRef = 9C7C893323D910DD00930E99 /* UITextView+.swift */; };
		9C9168DF24319E3500AD31A9 /* UIImageView+.swift in Sources */ = {isa = PBXBuildFile; fileRef = 9C9168DE24319E3500AD31A9 /* UIImageView+.swift */; };
		9C9168E12431A24200AD31A9 /* CardListCellStyle.swift in Sources */ = {isa = PBXBuildFile; fileRef = 9C9168E02431A24200AD31A9 /* CardListCellStyle.swift */; };
		9C97674B23E24D81004F4E90 /* AlphabeticalCardListCell.swift in Sources */ = {isa = PBXBuildFile; fileRef = 9C97674A23E24D81004F4E90 /* AlphabeticalCardListCell.swift */; };
		9CA099EA24837CA3001BFB69 /* WorkspaceViewController.swift in Sources */ = {isa = PBXBuildFile; fileRef = 9CA099E924837CA3001BFB69 /* WorkspaceViewController.swift */; };
		9CA099EC24837EA0001BFB69 /* WorkspaceColumnVC.swift in Sources */ = {isa = PBXBuildFile; fileRef = 9CA099EB24837EA0001BFB69 /* WorkspaceColumnVC.swift */; };
		9CA099F124838726001BFB69 /* WorkspaceColumnVC+TableViewDelegateDataSource.swift in Sources */ = {isa = PBXBuildFile; fileRef = 9CA099F024838726001BFB69 /* WorkspaceColumnVC+TableViewDelegateDataSource.swift */; };
		9CA099F324838811001BFB69 /* WorkspaceViewController+ColumnManagement.swift in Sources */ = {isa = PBXBuildFile; fileRef = 9CA099F224838811001BFB69 /* WorkspaceViewController+ColumnManagement.swift */; };
		9CA099F524838F30001BFB69 /* WorkspaceViewController+Factory.swift in Sources */ = {isa = PBXBuildFile; fileRef = 9CA099F424838F30001BFB69 /* WorkspaceViewController+Factory.swift */; };
		9CA099F724839206001BFB69 /* WorkspaceNewPageTF.swift in Sources */ = {isa = PBXBuildFile; fileRef = 9CA099F624839206001BFB69 /* WorkspaceNewPageTF.swift */; };
		9CA3BCED243DD4D70062591D /* UIImage+.swift in Sources */ = {isa = PBXBuildFile; fileRef = 9CA3BCEC243DD4D70062591D /* UIImage+.swift */; };
		9CC2DE4A2477C67A0025C361 /* CardsListVC.swift in Sources */ = {isa = PBXBuildFile; fileRef = 9CC2DE492477C67A0025C361 /* CardsListVC.swift */; };
		9CC2DE4C2477C7510025C361 /* CardsTabVC.swift in Sources */ = {isa = PBXBuildFile; fileRef = 9CC2DE4B2477C7510025C361 /* CardsTabVC.swift */; };
		9CC2DE4E2477CFA50025C361 /* CardSearchSystem.swift in Sources */ = {isa = PBXBuildFile; fileRef = 9CC2DE4D2477CFA50025C361 /* CardSearchSystem.swift */; };
		9CC51AF223EB8C8800636842 /* NSManagedObjectContext+.swift in Sources */ = {isa = PBXBuildFile; fileRef = 9CC51AF123EB8C8800636842 /* NSManagedObjectContext+.swift */; };
		9CCB588123F2C590002C3B36 /* MainTabBarC.swift in Sources */ = {isa = PBXBuildFile; fileRef = 9CCB588023F2C590002C3B36 /* MainTabBarC.swift */; };
		9CD805EA246FEF44006A6718 /* CardSortingSystem.swift in Sources */ = {isa = PBXBuildFile; fileRef = 9CD805E9246FEF44006A6718 /* CardSortingSystem.swift */; };
		9CF34024242F269C00897B40 /* WorkspaceAccessible.swift in Sources */ = {isa = PBXBuildFile; fileRef = 9CF34023242F269C00897B40 /* WorkspaceAccessible.swift */; };
		9CF8388424399A3400A4CE59 /* UITapGestureRecognizer+.swift in Sources */ = {isa = PBXBuildFile; fileRef = 9CF8388324399A3400A4CE59 /* UITapGestureRecognizer+.swift */; };
		9CF8388624399C3F00A4CE59 /* LabelWithLinks.swift in Sources */ = {isa = PBXBuildFile; fileRef = 9CF8388524399C3F00A4CE59 /* LabelWithLinks.swift */; };
		B8099DE923C0BE4300A56471 /* CardEditVC.swift in Sources */ = {isa = PBXBuildFile; fileRef = B8099DE823C0BE4300A56471 /* CardEditVC.swift */; };
		B8099DEC23C0C59700A56471 /* UIVIew+.swift in Sources */ = {isa = PBXBuildFile; fileRef = B8099DEB23C0C59700A56471 /* UIVIew+.swift */; };
		B80FF85123C5913C005F3AA7 /* UILabel+.swift in Sources */ = {isa = PBXBuildFile; fileRef = B80FF85023C5913C005F3AA7 /* UILabel+.swift */; };
		B83C305F23C5B7C3008A24D4 /* UIColor+.swift in Sources */ = {isa = PBXBuildFile; fileRef = B83C305E23C5B7C3008A24D4 /* UIColor+.swift */; };
		B844EDB023C3471C0033D657 /* UIButton+.swift in Sources */ = {isa = PBXBuildFile; fileRef = B844EDAF23C3471C0033D657 /* UIButton+.swift */; };
		B85C07DC23379E6400200B07 /* FetchedResults+.swift in Sources */ = {isa = PBXBuildFile; fileRef = B85C07DB23379E6400200B07 /* FetchedResults+.swift */; };
		B8845807232BCEDE00B5CC3C /* Array+.swift in Sources */ = {isa = PBXBuildFile; fileRef = B8845806232BCEDE00B5CC3C /* Array+.swift */; };
		B895D2DE233159CC00767C4E /* String+.swift in Sources */ = {isa = PBXBuildFile; fileRef = B895D2DD233159CC00767C4E /* String+.swift */; };
		B8CF591023C474E600F83DDB /* UIAlertController+.swift in Sources */ = {isa = PBXBuildFile; fileRef = B8CF590F23C474E600F83DDB /* UIAlertController+.swift */; };
		B8D9503D2326C48F001236AE /* AppDelegate.swift in Sources */ = {isa = PBXBuildFile; fileRef = B8D9503C2326C48F001236AE /* AppDelegate.swift */; };
		B8D9503F2326C48F001236AE /* SceneDelegate.swift in Sources */ = {isa = PBXBuildFile; fileRef = B8D9503E2326C48F001236AE /* SceneDelegate.swift */; };
		B8D950422326C48F001236AE /* Notification_App.xcdatamodeld in Sources */ = {isa = PBXBuildFile; fileRef = B8D950402326C48F001236AE /* Notification_App.xcdatamodeld */; };
		B8D950462326C491001236AE /* Assets.xcassets in Resources */ = {isa = PBXBuildFile; fileRef = B8D950452326C491001236AE /* Assets.xcassets */; };
		B8D950492326C491001236AE /* Preview Assets.xcassets in Resources */ = {isa = PBXBuildFile; fileRef = B8D950482326C491001236AE /* Preview Assets.xcassets */; };
		B8D9504C2326C491001236AE /* LaunchScreen.storyboard in Resources */ = {isa = PBXBuildFile; fileRef = B8D9504A2326C491001236AE /* LaunchScreen.storyboard */; };
		B8D9505E2326C85C001236AE /* UNUserNotificationCenter+.swift in Sources */ = {isa = PBXBuildFile; fileRef = B8D9505C2326C85C001236AE /* UNUserNotificationCenter+.swift */; };
		B8D9B2D42329A97100348987 /* GADBannerViewController.swift in Sources */ = {isa = PBXBuildFile; fileRef = B8D9B2D32329A97100348987 /* GADBannerViewController.swift */; };
		C0782664F317417CA49BE969 /* Pods_Notification_App.framework in Frameworks */ = {isa = PBXBuildFile; fileRef = CC641B8EEE3D004AFCD3EF3F /* Pods_Notification_App.framework */; };
/* End PBXBuildFile section */

/* Begin PBXContainerItemProxy section */
		9C331CB324303B0B003934D6 /* PBXContainerItemProxy */ = {
			isa = PBXContainerItemProxy;
			containerPortal = B8D950312326C48F001236AE /* Project object */;
			proxyType = 1;
			remoteGlobalIDString = B8D950382326C48F001236AE;
			remoteInfo = "Notification App";
		};
/* End PBXContainerItemProxy section */

/* Begin PBXFileReference section */
		400F8CFFE2A8363BF8311EBC /* Pods-Notification App.debug.xcconfig */ = {isa = PBXFileReference; includeInIndex = 1; lastKnownFileType = text.xcconfig; name = "Pods-Notification App.debug.xcconfig"; path = "Target Support Files/Pods-Notification App/Pods-Notification App.debug.xcconfig"; sourceTree = "<group>"; };
		888FEDAF84C7F11728D04CC7 /* Pods-Notification App.release.xcconfig */ = {isa = PBXFileReference; includeInIndex = 1; lastKnownFileType = text.xcconfig; name = "Pods-Notification App.release.xcconfig"; path = "Target Support Files/Pods-Notification App/Pods-Notification App.release.xcconfig"; sourceTree = "<group>"; };
		9C29806C2435FD2100176A7A /* SubscribeVC.swift */ = {isa = PBXFileReference; lastKnownFileType = sourcecode.swift; path = SubscribeVC.swift; sourceTree = "<group>"; };
		9C29806E243613F200176A7A /* SwiftyStoreKitWrapper.swift */ = {isa = PBXFileReference; lastKnownFileType = sourcecode.swift; path = SwiftyStoreKitWrapper.swift; sourceTree = "<group>"; };
		9C3164EB23E32DF90095DF46 /* CreationDateCardListCell.swift */ = {isa = PBXFileReference; lastKnownFileType = sourcecode.swift; path = CreationDateCardListCell.swift; sourceTree = "<group>"; };
		9C3164ED23E32F530095DF46 /* NSAttributedString+.swift */ = {isa = PBXFileReference; lastKnownFileType = sourcecode.swift; path = "NSAttributedString+.swift"; sourceTree = "<group>"; };
		9C331CAE24303B0B003934D6 /* ReviewAlgorithmTest.xctest */ = {isa = PBXFileReference; explicitFileType = wrapper.cfbundle; includeInIndex = 0; path = ReviewAlgorithmTest.xctest; sourceTree = BUILT_PRODUCTS_DIR; };
		9C331CB024303B0B003934D6 /* ReviewAlgorithmTest.swift */ = {isa = PBXFileReference; lastKnownFileType = sourcecode.swift; path = ReviewAlgorithmTest.swift; sourceTree = "<group>"; };
		9C331CB224303B0B003934D6 /* Info.plist */ = {isa = PBXFileReference; lastKnownFileType = text.plist.xml; path = Info.plist; sourceTree = "<group>"; };
		9C35CD4F23DF61240099F55D /* UpcomingCardListCell.swift */ = {isa = PBXFileReference; lastKnownFileType = sourcecode.swift; path = UpcomingCardListCell.swift; sourceTree = "<group>"; };
		9C35CD5223DF725B0099F55D /* Date+.swift */ = {isa = PBXFileReference; lastKnownFileType = sourcecode.swift; path = "Date+.swift"; sourceTree = "<group>"; };
		9C38E6D2243D87680012FC59 /* NewVersionInfoV.swift */ = {isa = PBXFileReference; lastKnownFileType = sourcecode.swift; path = NewVersionInfoV.swift; sourceTree = "<group>"; };
		9C38E6D4243DBC7B0012FC59 /* UITableView+.swift */ = {isa = PBXFileReference; lastKnownFileType = sourcecode.swift; path = "UITableView+.swift"; sourceTree = "<group>"; };
		9C3B270B23CF11C400CC5A13 /* Page+CoreDataProperties.swift */ = {isa = PBXFileReference; fileEncoding = 4; lastKnownFileType = sourcecode.swift; path = "Page+CoreDataProperties.swift"; sourceTree = "<group>"; };
		9C3B270C23CF11C400CC5A13 /* TaskSaved+CoreDataProperties.swift */ = {isa = PBXFileReference; fileEncoding = 4; lastKnownFileType = sourcecode.swift; path = "TaskSaved+CoreDataProperties.swift"; sourceTree = "<group>"; };
		9C3B270D23CF11C400CC5A13 /* Page+CoreDataClass.swift */ = {isa = PBXFileReference; fileEncoding = 4; lastKnownFileType = sourcecode.swift; path = "Page+CoreDataClass.swift"; sourceTree = "<group>"; };
		9C3B270E23CF11C400CC5A13 /* TaskSaved+CoreDataClass.swift */ = {isa = PBXFileReference; fileEncoding = 4; lastKnownFileType = sourcecode.swift; path = "TaskSaved+CoreDataClass.swift"; sourceTree = "<group>"; };
		9C5656232471660B00CD8CC2 /* UIViewController+.swift */ = {isa = PBXFileReference; lastKnownFileType = sourcecode.swift; path = "UIViewController+.swift"; sourceTree = "<group>"; };
		9C5AE61424342F6B0044D8B8 /* IntroEachPageVC.swift */ = {isa = PBXFileReference; lastKnownFileType = sourcecode.swift; path = IntroEachPageVC.swift; sourceTree = "<group>"; };
		9C5EF4492416DD4200FEBE51 /* UIFont+.swift */ = {isa = PBXFileReference; lastKnownFileType = sourcecode.swift; path = "UIFont+.swift"; sourceTree = "<group>"; };
		9C73108024333A66008E9820 /* IntroVC.swift */ = {isa = PBXFileReference; lastKnownFileType = sourcecode.swift; path = IntroVC.swift; sourceTree = "<group>"; };
		9C731082243347C3008E9820 /* IntroPageVC.swift */ = {isa = PBXFileReference; lastKnownFileType = sourcecode.swift; path = IntroPageVC.swift; sourceTree = "<group>"; };
		9C79C1F7248FCE440057CEA7 /* WorkspaceColumnVC+Options.swift */ = {isa = PBXFileReference; lastKnownFileType = sourcecode.swift; path = "WorkspaceColumnVC+Options.swift"; sourceTree = "<group>"; };
		9C7C893123D9103800930E99 /* NewCardVC.swift */ = {isa = PBXFileReference; lastKnownFileType = sourcecode.swift; path = NewCardVC.swift; sourceTree = "<group>"; };
		9C7C893323D910DD00930E99 /* UITextView+.swift */ = {isa = PBXFileReference; lastKnownFileType = sourcecode.swift; path = "UITextView+.swift"; sourceTree = "<group>"; };
		9C9168DE24319E3500AD31A9 /* UIImageView+.swift */ = {isa = PBXFileReference; lastKnownFileType = sourcecode.swift; path = "UIImageView+.swift"; sourceTree = "<group>"; };
		9C9168E02431A24200AD31A9 /* CardListCellStyle.swift */ = {isa = PBXFileReference; lastKnownFileType = sourcecode.swift; path = CardListCellStyle.swift; sourceTree = "<group>"; };
		9C97674A23E24D81004F4E90 /* AlphabeticalCardListCell.swift */ = {isa = PBXFileReference; lastKnownFileType = sourcecode.swift; path = AlphabeticalCardListCell.swift; sourceTree = "<group>"; };
		9CA099E924837CA3001BFB69 /* WorkspaceViewController.swift */ = {isa = PBXFileReference; lastKnownFileType = sourcecode.swift; path = WorkspaceViewController.swift; sourceTree = "<group>"; };
		9CA099EB24837EA0001BFB69 /* WorkspaceColumnVC.swift */ = {isa = PBXFileReference; lastKnownFileType = sourcecode.swift; path = WorkspaceColumnVC.swift; sourceTree = "<group>"; };
		9CA099F024838726001BFB69 /* WorkspaceColumnVC+TableViewDelegateDataSource.swift */ = {isa = PBXFileReference; lastKnownFileType = sourcecode.swift; path = "WorkspaceColumnVC+TableViewDelegateDataSource.swift"; sourceTree = "<group>"; };
		9CA099F224838811001BFB69 /* WorkspaceViewController+ColumnManagement.swift */ = {isa = PBXFileReference; lastKnownFileType = sourcecode.swift; path = "WorkspaceViewController+ColumnManagement.swift"; sourceTree = "<group>"; };
		9CA099F424838F30001BFB69 /* WorkspaceViewController+Factory.swift */ = {isa = PBXFileReference; lastKnownFileType = sourcecode.swift; path = "WorkspaceViewController+Factory.swift"; sourceTree = "<group>"; };
		9CA099F624839206001BFB69 /* WorkspaceNewPageTF.swift */ = {isa = PBXFileReference; lastKnownFileType = sourcecode.swift; path = WorkspaceNewPageTF.swift; sourceTree = "<group>"; };
		9CA3BCEC243DD4D70062591D /* UIImage+.swift */ = {isa = PBXFileReference; lastKnownFileType = sourcecode.swift; path = "UIImage+.swift"; sourceTree = "<group>"; };
		9CC2DE492477C67A0025C361 /* CardsListVC.swift */ = {isa = PBXFileReference; lastKnownFileType = sourcecode.swift; path = CardsListVC.swift; sourceTree = "<group>"; };
		9CC2DE4B2477C7510025C361 /* CardsTabVC.swift */ = {isa = PBXFileReference; lastKnownFileType = sourcecode.swift; path = CardsTabVC.swift; sourceTree = "<group>"; };
		9CC2DE4D2477CFA50025C361 /* CardSearchSystem.swift */ = {isa = PBXFileReference; lastKnownFileType = sourcecode.swift; path = CardSearchSystem.swift; sourceTree = "<group>"; };
		9CC51AF123EB8C8800636842 /* NSManagedObjectContext+.swift */ = {isa = PBXFileReference; lastKnownFileType = sourcecode.swift; path = "NSManagedObjectContext+.swift"; sourceTree = "<group>"; };
		9CCB588023F2C590002C3B36 /* MainTabBarC.swift */ = {isa = PBXFileReference; lastKnownFileType = sourcecode.swift; path = MainTabBarC.swift; sourceTree = "<group>"; };
		9CD805E9246FEF44006A6718 /* CardSortingSystem.swift */ = {isa = PBXFileReference; lastKnownFileType = sourcecode.swift; path = CardSortingSystem.swift; sourceTree = "<group>"; };
		9CF34023242F269C00897B40 /* WorkspaceAccessible.swift */ = {isa = PBXFileReference; lastKnownFileType = sourcecode.swift; path = WorkspaceAccessible.swift; sourceTree = "<group>"; };
		9CF8388324399A3400A4CE59 /* UITapGestureRecognizer+.swift */ = {isa = PBXFileReference; lastKnownFileType = sourcecode.swift; path = "UITapGestureRecognizer+.swift"; sourceTree = "<group>"; };
		9CF8388524399C3F00A4CE59 /* LabelWithLinks.swift */ = {isa = PBXFileReference; lastKnownFileType = sourcecode.swift; path = LabelWithLinks.swift; sourceTree = "<group>"; };
		B8099DE823C0BE4300A56471 /* CardEditVC.swift */ = {isa = PBXFileReference; lastKnownFileType = sourcecode.swift; path = CardEditVC.swift; sourceTree = "<group>"; };
		B8099DEB23C0C59700A56471 /* UIVIew+.swift */ = {isa = PBXFileReference; lastKnownFileType = sourcecode.swift; path = "UIVIew+.swift"; sourceTree = "<group>"; };
		B80FF85023C5913C005F3AA7 /* UILabel+.swift */ = {isa = PBXFileReference; lastKnownFileType = sourcecode.swift; path = "UILabel+.swift"; sourceTree = "<group>"; };
		B83C305E23C5B7C3008A24D4 /* UIColor+.swift */ = {isa = PBXFileReference; lastKnownFileType = sourcecode.swift; path = "UIColor+.swift"; sourceTree = "<group>"; };
		B8419631233AA00800E6558C /* Notification App.entitlements */ = {isa = PBXFileReference; lastKnownFileType = text.plist.entitlements; path = "Notification App.entitlements"; sourceTree = "<group>"; };
		B844EDAF23C3471C0033D657 /* UIButton+.swift */ = {isa = PBXFileReference; lastKnownFileType = sourcecode.swift; path = "UIButton+.swift"; sourceTree = "<group>"; };
		B85C07DB23379E6400200B07 /* FetchedResults+.swift */ = {isa = PBXFileReference; lastKnownFileType = sourcecode.swift; path = "FetchedResults+.swift"; sourceTree = "<group>"; };
		B8845806232BCEDE00B5CC3C /* Array+.swift */ = {isa = PBXFileReference; lastKnownFileType = sourcecode.swift; path = "Array+.swift"; sourceTree = "<group>"; };
		B895D2DD233159CC00767C4E /* String+.swift */ = {isa = PBXFileReference; lastKnownFileType = sourcecode.swift; path = "String+.swift"; sourceTree = "<group>"; };
		B8CF590F23C474E600F83DDB /* UIAlertController+.swift */ = {isa = PBXFileReference; lastKnownFileType = sourcecode.swift; path = "UIAlertController+.swift"; sourceTree = "<group>"; };
		B8D950392326C48F001236AE /* space it.app */ = {isa = PBXFileReference; explicitFileType = wrapper.application; includeInIndex = 0; path = "space it.app"; sourceTree = BUILT_PRODUCTS_DIR; };
		B8D9503C2326C48F001236AE /* AppDelegate.swift */ = {isa = PBXFileReference; lastKnownFileType = sourcecode.swift; path = AppDelegate.swift; sourceTree = "<group>"; };
		B8D9503E2326C48F001236AE /* SceneDelegate.swift */ = {isa = PBXFileReference; lastKnownFileType = sourcecode.swift; path = SceneDelegate.swift; sourceTree = "<group>"; };
		B8D950412326C48F001236AE /* Notification_App.xcdatamodel */ = {isa = PBXFileReference; lastKnownFileType = wrapper.xcdatamodel; path = Notification_App.xcdatamodel; sourceTree = "<group>"; };
		B8D950452326C491001236AE /* Assets.xcassets */ = {isa = PBXFileReference; lastKnownFileType = folder.assetcatalog; path = Assets.xcassets; sourceTree = "<group>"; };
		B8D950482326C491001236AE /* Preview Assets.xcassets */ = {isa = PBXFileReference; lastKnownFileType = folder.assetcatalog; path = "Preview Assets.xcassets"; sourceTree = "<group>"; };
		B8D9504B2326C491001236AE /* Base */ = {isa = PBXFileReference; lastKnownFileType = file.storyboard; name = Base; path = Base.lproj/LaunchScreen.storyboard; sourceTree = "<group>"; };
		B8D9504D2326C491001236AE /* Info.plist */ = {isa = PBXFileReference; lastKnownFileType = text.plist.xml; path = Info.plist; sourceTree = "<group>"; };
		B8D9505C2326C85C001236AE /* UNUserNotificationCenter+.swift */ = {isa = PBXFileReference; fileEncoding = 4; lastKnownFileType = sourcecode.swift; path = "UNUserNotificationCenter+.swift"; sourceTree = "<group>"; };
		B8D9B2D32329A97100348987 /* GADBannerViewController.swift */ = {isa = PBXFileReference; lastKnownFileType = sourcecode.swift; path = GADBannerViewController.swift; sourceTree = "<group>"; };
		CC641B8EEE3D004AFCD3EF3F /* Pods_Notification_App.framework */ = {isa = PBXFileReference; explicitFileType = wrapper.framework; includeInIndex = 0; path = Pods_Notification_App.framework; sourceTree = BUILT_PRODUCTS_DIR; };
/* End PBXFileReference section */

/* Begin PBXFrameworksBuildPhase section */
		9C331CAB24303B0B003934D6 /* Frameworks */ = {
			isa = PBXFrameworksBuildPhase;
			buildActionMask = 2147483647;
			files = (
			);
			runOnlyForDeploymentPostprocessing = 0;
		};
		B8D950362326C48F001236AE /* Frameworks */ = {
			isa = PBXFrameworksBuildPhase;
			buildActionMask = 2147483647;
			files = (
				C0782664F317417CA49BE969 /* Pods_Notification_App.framework in Frameworks */,
			);
			runOnlyForDeploymentPostprocessing = 0;
		};
/* End PBXFrameworksBuildPhase section */

/* Begin PBXGroup section */
		9C331CAF24303B0B003934D6 /* ReviewAlgorithmTest */ = {
			isa = PBXGroup;
			children = (
				9C331CB024303B0B003934D6 /* ReviewAlgorithmTest.swift */,
				9C331CB224303B0B003934D6 /* Info.plist */,
			);
			path = ReviewAlgorithmTest;
			sourceTree = "<group>";
		};
		9C35CD5123DF724C0099F55D /* Swift+ */ = {
			isa = PBXGroup;
			children = (
				9C35CD5223DF725B0099F55D /* Date+.swift */,
				B8845806232BCEDE00B5CC3C /* Array+.swift */,
				B85C07DB23379E6400200B07 /* FetchedResults+.swift */,
				B895D2DD233159CC00767C4E /* String+.swift */,
				9C3164ED23E32F530095DF46 /* NSAttributedString+.swift */,
				9CC51AF123EB8C8800636842 /* NSManagedObjectContext+.swift */,
				B8D9505C2326C85C001236AE /* UNUserNotificationCenter+.swift */,
			);
			path = "Swift+";
			sourceTree = "<group>";
		};
		9C7310842433503C008E9820 /* Introduction */ = {
			isa = PBXGroup;
			children = (
				9C73108024333A66008E9820 /* IntroVC.swift */,
				9C731082243347C3008E9820 /* IntroPageVC.swift */,
				9C5AE61424342F6B0044D8B8 /* IntroEachPageVC.swift */,
				9C29806C2435FD2100176A7A /* SubscribeVC.swift */,
			);
			path = Introduction;
			sourceTree = "<group>";
		};
		9C7C893023D9100100930E99 /* UIViews */ = {
			isa = PBXGroup;
			children = (
				9C35CD4F23DF61240099F55D /* UpcomingCardListCell.swift */,
				9C97674A23E24D81004F4E90 /* AlphabeticalCardListCell.swift */,
				9C3164EB23E32DF90095DF46 /* CreationDateCardListCell.swift */,
				9C9168E02431A24200AD31A9 /* CardListCellStyle.swift */,
				9CF8388524399C3F00A4CE59 /* LabelWithLinks.swift */,
				9C38E6D2243D87680012FC59 /* NewVersionInfoV.swift */,
			);
			path = UIViews;
			sourceTree = "<group>";
		};
		9CA099ED248386EE001BFB69 /* Workspace */ = {
			isa = PBXGroup;
			children = (
				9CA099EF2483870D001BFB69 /* WorkspaceViewController */,
				9CA099EE248386FC001BFB69 /* WorkspaceColumnVC */,
			);
			path = Workspace;
			sourceTree = "<group>";
		};
		9CA099EE248386FC001BFB69 /* WorkspaceColumnVC */ = {
			isa = PBXGroup;
			children = (
				9CA099EB24837EA0001BFB69 /* WorkspaceColumnVC.swift */,
				9CA099F024838726001BFB69 /* WorkspaceColumnVC+TableViewDelegateDataSource.swift */,
				9C79C1F7248FCE440057CEA7 /* WorkspaceColumnVC+Options.swift */,
				9CA099F624839206001BFB69 /* WorkspaceNewPageTF.swift */,
			);
			path = WorkspaceColumnVC;
			sourceTree = "<group>";
		};
		9CA099EF2483870D001BFB69 /* WorkspaceViewController */ = {
			isa = PBXGroup;
			children = (
				9CA099E924837CA3001BFB69 /* WorkspaceViewController.swift */,
				9CA099F224838811001BFB69 /* WorkspaceViewController+ColumnManagement.swift */,
				9CA099F424838F30001BFB69 /* WorkspaceViewController+Factory.swift */,
			);
			path = WorkspaceViewController;
			sourceTree = "<group>";
		};
		9CE98B732483BD8E00C854F5 /* CardsTab */ = {
			isa = PBXGroup;
			children = (
				9CC2DE4B2477C7510025C361 /* CardsTabVC.swift */,
				9CC2DE492477C67A0025C361 /* CardsListVC.swift */,
				9CD805E9246FEF44006A6718 /* CardSortingSystem.swift */,
				9CC2DE4D2477CFA50025C361 /* CardSearchSystem.swift */,
			);
			path = CardsTab;
			sourceTree = "<group>";
		};
		9CF34022242F268600897B40 /* Protocols */ = {
			isa = PBXGroup;
			children = (
				9CF34023242F269C00897B40 /* WorkspaceAccessible.swift */,
			);
			path = Protocols;
			sourceTree = "<group>";
		};
		B8099DEA23C0BEBD00A56471 /* UIKit+ */ = {
			isa = PBXGroup;
			children = (
				B8099DEB23C0C59700A56471 /* UIVIew+.swift */,
				9C38E6D4243DBC7B0012FC59 /* UITableView+.swift */,
				B844EDAF23C3471C0033D657 /* UIButton+.swift */,
				B8CF590F23C474E600F83DDB /* UIAlertController+.swift */,
				B80FF85023C5913C005F3AA7 /* UILabel+.swift */,
				B83C305E23C5B7C3008A24D4 /* UIColor+.swift */,
				9C7C893323D910DD00930E99 /* UITextView+.swift */,
				9C5EF4492416DD4200FEBE51 /* UIFont+.swift */,
				9C9168DE24319E3500AD31A9 /* UIImageView+.swift */,
				9CF8388324399A3400A4CE59 /* UITapGestureRecognizer+.swift */,
				9CA3BCEC243DD4D70062591D /* UIImage+.swift */,
				9C5656232471660B00CD8CC2 /* UIViewController+.swift */,
			);
			path = "UIKit+";
			sourceTree = "<group>";
		};
		B8D950302326C48F001236AE = {
			isa = PBXGroup;
			children = (
				B8D9503B2326C48F001236AE /* Notification App */,
				9C331CAF24303B0B003934D6 /* ReviewAlgorithmTest */,
				B8D9503A2326C48F001236AE /* Products */,
				FB2437FCF6CB8EDE340E28B6 /* Pods */,
				BD6CF51808B130DBC8930A17 /* Frameworks */,
			);
			sourceTree = "<group>";
		};
		B8D9503A2326C48F001236AE /* Products */ = {
			isa = PBXGroup;
			children = (
				B8D950392326C48F001236AE /* space it.app */,
				9C331CAE24303B0B003934D6 /* ReviewAlgorithmTest.xctest */,
			);
			name = Products;
			sourceTree = "<group>";
		};
		B8D9503B2326C48F001236AE /* Notification App */ = {
			isa = PBXGroup;
			children = (
				9CF34022242F268600897B40 /* Protocols */,
				9C35CD5123DF724C0099F55D /* Swift+ */,
				B8099DEA23C0BEBD00A56471 /* UIKit+ */,
				B8419631233AA00800E6558C /* Notification App.entitlements */,
				9C7C893023D9100100930E99 /* UIViews */,
				B8D9B2D22329A94B00348987 /* UIViewControllers */,
				9CA099ED248386EE001BFB69 /* Workspace */,
				9CE98B732483BD8E00C854F5 /* CardsTab */,
				B8D950532326C4A4001236AE /* Model */,
				B8D9503C2326C48F001236AE /* AppDelegate.swift */,
				B8D9503E2326C48F001236AE /* SceneDelegate.swift */,
				B8D950452326C491001236AE /* Assets.xcassets */,
				B8D9504A2326C491001236AE /* LaunchScreen.storyboard */,
				B8D9504D2326C491001236AE /* Info.plist */,
				B8D950402326C48F001236AE /* Notification_App.xcdatamodeld */,
				B8D950472326C491001236AE /* Preview Content */,
			);
			path = "Notification App";
			sourceTree = "<group>";
		};
		B8D950472326C491001236AE /* Preview Content */ = {
			isa = PBXGroup;
			children = (
				B8D950482326C491001236AE /* Preview Assets.xcassets */,
			);
			path = "Preview Content";
			sourceTree = "<group>";
		};
		B8D950532326C4A4001236AE /* Model */ = {
			isa = PBXGroup;
			children = (
				9C3B270D23CF11C400CC5A13 /* Page+CoreDataClass.swift */,
				9C3B270B23CF11C400CC5A13 /* Page+CoreDataProperties.swift */,
				9C3B270E23CF11C400CC5A13 /* TaskSaved+CoreDataClass.swift */,
				9C3B270C23CF11C400CC5A13 /* TaskSaved+CoreDataProperties.swift */,
				9C29806E243613F200176A7A /* SwiftyStoreKitWrapper.swift */,
			);
			path = Model;
			sourceTree = "<group>";
		};
		B8D9B2D22329A94B00348987 /* UIViewControllers */ = {
			isa = PBXGroup;
			children = (
				B8099DE823C0BE4300A56471 /* CardEditVC.swift */,
				B8D9B2D32329A97100348987 /* GADBannerViewController.swift */,
				9C7C893123D9103800930E99 /* NewCardVC.swift */,
				9CCB588023F2C590002C3B36 /* MainTabBarC.swift */,
				9C7310842433503C008E9820 /* Introduction */,
			);
			path = UIViewControllers;
			sourceTree = "<group>";
		};
		BD6CF51808B130DBC8930A17 /* Frameworks */ = {
			isa = PBXGroup;
			children = (
				CC641B8EEE3D004AFCD3EF3F /* Pods_Notification_App.framework */,
			);
			name = Frameworks;
			sourceTree = "<group>";
		};
		FB2437FCF6CB8EDE340E28B6 /* Pods */ = {
			isa = PBXGroup;
			children = (
				400F8CFFE2A8363BF8311EBC /* Pods-Notification App.debug.xcconfig */,
				888FEDAF84C7F11728D04CC7 /* Pods-Notification App.release.xcconfig */,
			);
			path = Pods;
			sourceTree = "<group>";
		};
/* End PBXGroup section */

/* Begin PBXNativeTarget section */
		9C331CAD24303B0B003934D6 /* ReviewAlgorithmTest */ = {
			isa = PBXNativeTarget;
			buildConfigurationList = 9C331CB524303B0B003934D6 /* Build configuration list for PBXNativeTarget "ReviewAlgorithmTest" */;
			buildPhases = (
				9C331CAA24303B0B003934D6 /* Sources */,
				9C331CAB24303B0B003934D6 /* Frameworks */,
				9C331CAC24303B0B003934D6 /* Resources */,
			);
			buildRules = (
			);
			dependencies = (
				9C331CB424303B0B003934D6 /* PBXTargetDependency */,
			);
			name = ReviewAlgorithmTest;
			productName = ReviewAlgorithmTest;
			productReference = 9C331CAE24303B0B003934D6 /* ReviewAlgorithmTest.xctest */;
			productType = "com.apple.product-type.bundle.unit-test";
		};
		B8D950382326C48F001236AE /* Notification App */ = {
			isa = PBXNativeTarget;
			buildConfigurationList = B8D950502326C491001236AE /* Build configuration list for PBXNativeTarget "Notification App" */;
			buildPhases = (
				2A4028661B4A211D084F5BAD /* [CP] Check Pods Manifest.lock */,
				B8D950352326C48F001236AE /* Sources */,
				B8D950362326C48F001236AE /* Frameworks */,
				B8D950372326C48F001236AE /* Resources */,
				EE0E5BFA04B950900BA437E3 /* [CP] Embed Pods Frameworks */,
			);
			buildRules = (
			);
			dependencies = (
			);
			name = "Notification App";
			productName = "Notification App";
			productReference = B8D950392326C48F001236AE /* space it.app */;
			productType = "com.apple.product-type.application";
		};
/* End PBXNativeTarget section */

/* Begin PBXProject section */
		B8D950312326C48F001236AE /* Project object */ = {
			isa = PBXProject;
			attributes = {
				LastSwiftUpdateCheck = 1140;
				LastUpgradeCheck = 1100;
				ORGANIZATIONNAME = "Rintaro Kawagishi";
				TargetAttributes = {
					9C331CAD24303B0B003934D6 = {
						CreatedOnToolsVersion = 11.4;
						TestTargetID = B8D950382326C48F001236AE;
					};
					B8D950382326C48F001236AE = {
						CreatedOnToolsVersion = 11.0;
					};
				};
			};
			buildConfigurationList = B8D950342326C48F001236AE /* Build configuration list for PBXProject "Notification App" */;
			compatibilityVersion = "Xcode 9.3";
			developmentRegion = en;
			hasScannedForEncodings = 0;
			knownRegions = (
				en,
				Base,
			);
			mainGroup = B8D950302326C48F001236AE;
			productRefGroup = B8D9503A2326C48F001236AE /* Products */;
			projectDirPath = "";
			projectRoot = "";
			targets = (
				B8D950382326C48F001236AE /* Notification App */,
				9C331CAD24303B0B003934D6 /* ReviewAlgorithmTest */,
			);
		};
/* End PBXProject section */

/* Begin PBXResourcesBuildPhase section */
		9C331CAC24303B0B003934D6 /* Resources */ = {
			isa = PBXResourcesBuildPhase;
			buildActionMask = 2147483647;
			files = (
			);
			runOnlyForDeploymentPostprocessing = 0;
		};
		B8D950372326C48F001236AE /* Resources */ = {
			isa = PBXResourcesBuildPhase;
			buildActionMask = 2147483647;
			files = (
				B8D9504C2326C491001236AE /* LaunchScreen.storyboard in Resources */,
				B8D950492326C491001236AE /* Preview Assets.xcassets in Resources */,
				B8D950462326C491001236AE /* Assets.xcassets in Resources */,
			);
			runOnlyForDeploymentPostprocessing = 0;
		};
/* End PBXResourcesBuildPhase section */

/* Begin PBXShellScriptBuildPhase section */
		2A4028661B4A211D084F5BAD /* [CP] Check Pods Manifest.lock */ = {
			isa = PBXShellScriptBuildPhase;
			buildActionMask = 2147483647;
			files = (
			);
			inputFileListPaths = (
			);
			inputPaths = (
				"${PODS_PODFILE_DIR_PATH}/Podfile.lock",
				"${PODS_ROOT}/Manifest.lock",
			);
			name = "[CP] Check Pods Manifest.lock";
			outputFileListPaths = (
			);
			outputPaths = (
				"$(DERIVED_FILE_DIR)/Pods-Notification App-checkManifestLockResult.txt",
			);
			runOnlyForDeploymentPostprocessing = 0;
			shellPath = /bin/sh;
			shellScript = "diff \"${PODS_PODFILE_DIR_PATH}/Podfile.lock\" \"${PODS_ROOT}/Manifest.lock\" > /dev/null\nif [ $? != 0 ] ; then\n    # print error to STDERR\n    echo \"error: The sandbox is not in sync with the Podfile.lock. Run 'pod install' or update your CocoaPods installation.\" >&2\n    exit 1\nfi\n# This output is used by Xcode 'outputs' to avoid re-running this script phase.\necho \"SUCCESS\" > \"${SCRIPT_OUTPUT_FILE_0}\"\n";
			showEnvVarsInLog = 0;
		};
		EE0E5BFA04B950900BA437E3 /* [CP] Embed Pods Frameworks */ = {
			isa = PBXShellScriptBuildPhase;
			buildActionMask = 2147483647;
			files = (
			);
			inputFileListPaths = (
				"${PODS_ROOT}/Target Support Files/Pods-Notification App/Pods-Notification App-frameworks-${CONFIGURATION}-input-files.xcfilelist",
			);
			name = "[CP] Embed Pods Frameworks";
			outputFileListPaths = (
				"${PODS_ROOT}/Target Support Files/Pods-Notification App/Pods-Notification App-frameworks-${CONFIGURATION}-output-files.xcfilelist",
			);
			runOnlyForDeploymentPostprocessing = 0;
			shellPath = /bin/sh;
			shellScript = "\"${PODS_ROOT}/Target Support Files/Pods-Notification App/Pods-Notification App-frameworks.sh\"\n";
			showEnvVarsInLog = 0;
		};
/* End PBXShellScriptBuildPhase section */

/* Begin PBXSourcesBuildPhase section */
		9C331CAA24303B0B003934D6 /* Sources */ = {
			isa = PBXSourcesBuildPhase;
			buildActionMask = 2147483647;
			files = (
				9C331CB124303B0B003934D6 /* ReviewAlgorithmTest.swift in Sources */,
			);
			runOnlyForDeploymentPostprocessing = 0;
		};
		B8D950352326C48F001236AE /* Sources */ = {
			isa = PBXSourcesBuildPhase;
			buildActionMask = 2147483647;
			files = (
				9C97674B23E24D81004F4E90 /* AlphabeticalCardListCell.swift in Sources */,
				9CF8388424399A3400A4CE59 /* UITapGestureRecognizer+.swift in Sources */,
				9C38E6D5243DBC7B0012FC59 /* UITableView+.swift in Sources */,
				9C3B271023CF11C400CC5A13 /* TaskSaved+CoreDataProperties.swift in Sources */,
				9C29806D2435FD2100176A7A /* SubscribeVC.swift in Sources */,
				9C38E6D3243D87680012FC59 /* NewVersionInfoV.swift in Sources */,
				9CA099EC24837EA0001BFB69 /* WorkspaceColumnVC.swift in Sources */,
				9CF34024242F269C00897B40 /* WorkspaceAccessible.swift in Sources */,
				9C73108124333A66008E9820 /* IntroVC.swift in Sources */,
				9CA099F724839206001BFB69 /* WorkspaceNewPageTF.swift in Sources */,
				9C5656242471660B00CD8CC2 /* UIViewController+.swift in Sources */,
				9C29806F243613F200176A7A /* SwiftyStoreKitWrapper.swift in Sources */,
				9CA099F324838811001BFB69 /* WorkspaceViewController+ColumnManagement.swift in Sources */,
				9C3B271223CF11C400CC5A13 /* TaskSaved+CoreDataClass.swift in Sources */,
				9C35CD5023DF61240099F55D /* UpcomingCardListCell.swift in Sources */,
				9CD805EA246FEF44006A6718 /* CardSortingSystem.swift in Sources */,
				9C5AE61524342F6B0044D8B8 /* IntroEachPageVC.swift in Sources */,
				9C3164EC23E32DF90095DF46 /* CreationDateCardListCell.swift in Sources */,
				B8D9503D2326C48F001236AE /* AppDelegate.swift in Sources */,
				B8099DEC23C0C59700A56471 /* UIVIew+.swift in Sources */,
				9CC2DE4A2477C67A0025C361 /* CardsListVC.swift in Sources */,
				9CA099F124838726001BFB69 /* WorkspaceColumnVC+TableViewDelegateDataSource.swift in Sources */,
				9CC2DE4E2477CFA50025C361 /* CardSearchSystem.swift in Sources */,
				9CA3BCED243DD4D70062591D /* UIImage+.swift in Sources */,
				9C7C893223D9103800930E99 /* NewCardVC.swift in Sources */,
				B8099DE923C0BE4300A56471 /* CardEditVC.swift in Sources */,
				9CCB588123F2C590002C3B36 /* MainTabBarC.swift in Sources */,
				9C3164EE23E32F530095DF46 /* NSAttributedString+.swift in Sources */,
				9C9168E12431A24200AD31A9 /* CardListCellStyle.swift in Sources */,
				9CA099EA24837CA3001BFB69 /* WorkspaceViewController.swift in Sources */,
				B80FF85123C5913C005F3AA7 /* UILabel+.swift in Sources */,
				B8D9503F2326C48F001236AE /* SceneDelegate.swift in Sources */,
				B8D9505E2326C85C001236AE /* UNUserNotificationCenter+.swift in Sources */,
				9C35CD5323DF725B0099F55D /* Date+.swift in Sources */,
				9CC2DE4C2477C7510025C361 /* CardsTabVC.swift in Sources */,
				9C3B271123CF11C400CC5A13 /* Page+CoreDataClass.swift in Sources */,
				9CA099F524838F30001BFB69 /* WorkspaceViewController+Factory.swift in Sources */,
				B844EDB023C3471C0033D657 /* UIButton+.swift in Sources */,
				9CC51AF223EB8C8800636842 /* NSManagedObjectContext+.swift in Sources */,
				B8845807232BCEDE00B5CC3C /* Array+.swift in Sources */,
				9C731083243347C3008E9820 /* IntroPageVC.swift in Sources */,
				9C9168DF24319E3500AD31A9 /* UIImageView+.swift in Sources */,
				B85C07DC23379E6400200B07 /* FetchedResults+.swift in Sources */,
				9CF8388624399C3F00A4CE59 /* LabelWithLinks.swift in Sources */,
				9C79C1F8248FCE440057CEA7 /* WorkspaceColumnVC+Options.swift in Sources */,
				9C7C893423D910DD00930E99 /* UITextView+.swift in Sources */,
				B8D950422326C48F001236AE /* Notification_App.xcdatamodeld in Sources */,
				9C5EF44A2416DD4200FEBE51 /* UIFont+.swift in Sources */,
				B8D9B2D42329A97100348987 /* GADBannerViewController.swift in Sources */,
				B895D2DE233159CC00767C4E /* String+.swift in Sources */,
				B8CF591023C474E600F83DDB /* UIAlertController+.swift in Sources */,
				B83C305F23C5B7C3008A24D4 /* UIColor+.swift in Sources */,
				9C3B270F23CF11C400CC5A13 /* Page+CoreDataProperties.swift in Sources */,
			);
			runOnlyForDeploymentPostprocessing = 0;
		};
/* End PBXSourcesBuildPhase section */

/* Begin PBXTargetDependency section */
		9C331CB424303B0B003934D6 /* PBXTargetDependency */ = {
			isa = PBXTargetDependency;
			target = B8D950382326C48F001236AE /* Notification App */;
			targetProxy = 9C331CB324303B0B003934D6 /* PBXContainerItemProxy */;
		};
/* End PBXTargetDependency section */

/* Begin PBXVariantGroup section */
		B8D9504A2326C491001236AE /* LaunchScreen.storyboard */ = {
			isa = PBXVariantGroup;
			children = (
				B8D9504B2326C491001236AE /* Base */,
			);
			name = LaunchScreen.storyboard;
			sourceTree = "<group>";
		};
/* End PBXVariantGroup section */

/* Begin XCBuildConfiguration section */
		9C331CB624303B0B003934D6 /* Debug */ = {
			isa = XCBuildConfiguration;
			buildSettings = {
				BUNDLE_LOADER = "$(TEST_HOST)";
				CODE_SIGN_STYLE = Automatic;
				DEVELOPMENT_TEAM = G763XN7D9Q;
				INFOPLIST_FILE = ReviewAlgorithmTest/Info.plist;
				IPHONEOS_DEPLOYMENT_TARGET = 13.4;
				LD_RUNPATH_SEARCH_PATHS = (
					"$(inherited)",
					"@executable_path/Frameworks",
					"@loader_path/Frameworks",
				);
				PRODUCT_BUNDLE_IDENTIFIER = com.rickythedeveloper.ReviewAlgorithmTest;
				PRODUCT_NAME = "$(TARGET_NAME)";
				SWIFT_VERSION = 5.0;
				TARGETED_DEVICE_FAMILY = "1,2";
				TEST_HOST = "$(BUILT_PRODUCTS_DIR)/Space It.app/Space It";
			};
			name = Debug;
		};
		9C331CB724303B0B003934D6 /* Release */ = {
			isa = XCBuildConfiguration;
			buildSettings = {
				BUNDLE_LOADER = "$(TEST_HOST)";
				CODE_SIGN_STYLE = Automatic;
				DEVELOPMENT_TEAM = G763XN7D9Q;
				INFOPLIST_FILE = ReviewAlgorithmTest/Info.plist;
				IPHONEOS_DEPLOYMENT_TARGET = 13.4;
				LD_RUNPATH_SEARCH_PATHS = (
					"$(inherited)",
					"@executable_path/Frameworks",
					"@loader_path/Frameworks",
				);
				PRODUCT_BUNDLE_IDENTIFIER = com.rickythedeveloper.ReviewAlgorithmTest;
				PRODUCT_NAME = "$(TARGET_NAME)";
				SWIFT_VERSION = 5.0;
				TARGETED_DEVICE_FAMILY = "1,2";
				TEST_HOST = "$(BUILT_PRODUCTS_DIR)/Space It.app/Space It";
			};
			name = Release;
		};
		B8D9504E2326C491001236AE /* Debug */ = {
			isa = XCBuildConfiguration;
			buildSettings = {
				ALWAYS_SEARCH_USER_PATHS = NO;
				CLANG_ANALYZER_NONNULL = YES;
				CLANG_ANALYZER_NUMBER_OBJECT_CONVERSION = YES_AGGRESSIVE;
				CLANG_CXX_LANGUAGE_STANDARD = "gnu++14";
				CLANG_CXX_LIBRARY = "libc++";
				CLANG_ENABLE_MODULES = YES;
				CLANG_ENABLE_OBJC_ARC = YES;
				CLANG_ENABLE_OBJC_WEAK = YES;
				CLANG_WARN_BLOCK_CAPTURE_AUTORELEASING = YES;
				CLANG_WARN_BOOL_CONVERSION = YES;
				CLANG_WARN_COMMA = YES;
				CLANG_WARN_CONSTANT_CONVERSION = YES;
				CLANG_WARN_DEPRECATED_OBJC_IMPLEMENTATIONS = YES;
				CLANG_WARN_DIRECT_OBJC_ISA_USAGE = YES_ERROR;
				CLANG_WARN_DOCUMENTATION_COMMENTS = YES;
				CLANG_WARN_EMPTY_BODY = YES;
				CLANG_WARN_ENUM_CONVERSION = YES;
				CLANG_WARN_INFINITE_RECURSION = YES;
				CLANG_WARN_INT_CONVERSION = YES;
				CLANG_WARN_NON_LITERAL_NULL_CONVERSION = YES;
				CLANG_WARN_OBJC_IMPLICIT_RETAIN_SELF = YES;
				CLANG_WARN_OBJC_LITERAL_CONVERSION = YES;
				CLANG_WARN_OBJC_ROOT_CLASS = YES_ERROR;
				CLANG_WARN_RANGE_LOOP_ANALYSIS = YES;
				CLANG_WARN_STRICT_PROTOTYPES = YES;
				CLANG_WARN_SUSPICIOUS_MOVE = YES;
				CLANG_WARN_UNGUARDED_AVAILABILITY = YES_AGGRESSIVE;
				CLANG_WARN_UNREACHABLE_CODE = YES;
				CLANG_WARN__DUPLICATE_METHOD_MATCH = YES;
				COPY_PHASE_STRIP = NO;
				DEBUG_INFORMATION_FORMAT = dwarf;
				ENABLE_STRICT_OBJC_MSGSEND = YES;
				ENABLE_TESTABILITY = YES;
				GCC_C_LANGUAGE_STANDARD = gnu11;
				GCC_DYNAMIC_NO_PIC = NO;
				GCC_NO_COMMON_BLOCKS = YES;
				GCC_OPTIMIZATION_LEVEL = 0;
				GCC_PREPROCESSOR_DEFINITIONS = (
					"DEBUG=1",
					"$(inherited)",
				);
				GCC_WARN_64_TO_32_BIT_CONVERSION = YES;
				GCC_WARN_ABOUT_RETURN_TYPE = YES_ERROR;
				GCC_WARN_UNDECLARED_SELECTOR = YES;
				GCC_WARN_UNINITIALIZED_AUTOS = YES_AGGRESSIVE;
				GCC_WARN_UNUSED_FUNCTION = YES;
				GCC_WARN_UNUSED_VARIABLE = YES;
				IPHONEOS_DEPLOYMENT_TARGET = 13.0;
				MTL_ENABLE_DEBUG_INFO = INCLUDE_SOURCE;
				MTL_FAST_MATH = YES;
				ONLY_ACTIVE_ARCH = YES;
				SDKROOT = iphoneos;
				SWIFT_ACTIVE_COMPILATION_CONDITIONS = DEBUG;
				SWIFT_OPTIMIZATION_LEVEL = "-Onone";
			};
			name = Debug;
		};
		B8D9504F2326C491001236AE /* Release */ = {
			isa = XCBuildConfiguration;
			buildSettings = {
				ALWAYS_SEARCH_USER_PATHS = NO;
				CLANG_ANALYZER_NONNULL = YES;
				CLANG_ANALYZER_NUMBER_OBJECT_CONVERSION = YES_AGGRESSIVE;
				CLANG_CXX_LANGUAGE_STANDARD = "gnu++14";
				CLANG_CXX_LIBRARY = "libc++";
				CLANG_ENABLE_MODULES = YES;
				CLANG_ENABLE_OBJC_ARC = YES;
				CLANG_ENABLE_OBJC_WEAK = YES;
				CLANG_WARN_BLOCK_CAPTURE_AUTORELEASING = YES;
				CLANG_WARN_BOOL_CONVERSION = YES;
				CLANG_WARN_COMMA = YES;
				CLANG_WARN_CONSTANT_CONVERSION = YES;
				CLANG_WARN_DEPRECATED_OBJC_IMPLEMENTATIONS = YES;
				CLANG_WARN_DIRECT_OBJC_ISA_USAGE = YES_ERROR;
				CLANG_WARN_DOCUMENTATION_COMMENTS = YES;
				CLANG_WARN_EMPTY_BODY = YES;
				CLANG_WARN_ENUM_CONVERSION = YES;
				CLANG_WARN_INFINITE_RECURSION = YES;
				CLANG_WARN_INT_CONVERSION = YES;
				CLANG_WARN_NON_LITERAL_NULL_CONVERSION = YES;
				CLANG_WARN_OBJC_IMPLICIT_RETAIN_SELF = YES;
				CLANG_WARN_OBJC_LITERAL_CONVERSION = YES;
				CLANG_WARN_OBJC_ROOT_CLASS = YES_ERROR;
				CLANG_WARN_RANGE_LOOP_ANALYSIS = YES;
				CLANG_WARN_STRICT_PROTOTYPES = YES;
				CLANG_WARN_SUSPICIOUS_MOVE = YES;
				CLANG_WARN_UNGUARDED_AVAILABILITY = YES_AGGRESSIVE;
				CLANG_WARN_UNREACHABLE_CODE = YES;
				CLANG_WARN__DUPLICATE_METHOD_MATCH = YES;
				COPY_PHASE_STRIP = NO;
				DEBUG_INFORMATION_FORMAT = "dwarf-with-dsym";
				ENABLE_NS_ASSERTIONS = NO;
				ENABLE_STRICT_OBJC_MSGSEND = YES;
				GCC_C_LANGUAGE_STANDARD = gnu11;
				GCC_NO_COMMON_BLOCKS = YES;
				GCC_WARN_64_TO_32_BIT_CONVERSION = YES;
				GCC_WARN_ABOUT_RETURN_TYPE = YES_ERROR;
				GCC_WARN_UNDECLARED_SELECTOR = YES;
				GCC_WARN_UNINITIALIZED_AUTOS = YES_AGGRESSIVE;
				GCC_WARN_UNUSED_FUNCTION = YES;
				GCC_WARN_UNUSED_VARIABLE = YES;
				IPHONEOS_DEPLOYMENT_TARGET = 13.0;
				MTL_ENABLE_DEBUG_INFO = NO;
				MTL_FAST_MATH = YES;
				SDKROOT = iphoneos;
				SWIFT_COMPILATION_MODE = wholemodule;
				SWIFT_OPTIMIZATION_LEVEL = "-O";
				VALIDATE_PRODUCT = YES;
			};
			name = Release;
		};
		B8D950512326C491001236AE /* Debug */ = {
			isa = XCBuildConfiguration;
			baseConfigurationReference = 400F8CFFE2A8363BF8311EBC /* Pods-Notification App.debug.xcconfig */;
			buildSettings = {
				ASSETCATALOG_COMPILER_APPICON_NAME = AppIcon;
				CODE_SIGN_ENTITLEMENTS = "Notification App/Notification App.entitlements";
				CODE_SIGN_STYLE = Automatic;
				CURRENT_PROJECT_VERSION = 73;
				DERIVE_MACCATALYST_PRODUCT_BUNDLE_IDENTIFIER = YES;
				DEVELOPMENT_ASSET_PATHS = "\"Notification App/Preview Content\"";
				DEVELOPMENT_TEAM = G763XN7D9Q;
				ENABLE_PREVIEWS = YES;
				INFOPLIST_FILE = "Notification App/Info.plist";
				LD_RUNPATH_SEARCH_PATHS = (
					"$(inherited)",
					"@executable_path/Frameworks",
				);
				MARKETING_VERSION = 3.0.1;
				PRODUCT_BUNDLE_IDENTIFIER = "com.rickythedeveloper.Notification-App";
				PRODUCT_NAME = "space it";
				SUPPORTS_MACCATALYST = YES;
				SWIFT_VERSION = 5.0;
				TARGETED_DEVICE_FAMILY = "1,2";
			};
			name = Debug;
		};
		B8D950522326C491001236AE /* Release */ = {
			isa = XCBuildConfiguration;
			baseConfigurationReference = 888FEDAF84C7F11728D04CC7 /* Pods-Notification App.release.xcconfig */;
			buildSettings = {
				ASSETCATALOG_COMPILER_APPICON_NAME = AppIcon;
				CODE_SIGN_ENTITLEMENTS = "Notification App/Notification App.entitlements";
				CODE_SIGN_STYLE = Automatic;
				CURRENT_PROJECT_VERSION = 73;
				DERIVE_MACCATALYST_PRODUCT_BUNDLE_IDENTIFIER = YES;
				DEVELOPMENT_ASSET_PATHS = "\"Notification App/Preview Content\"";
				DEVELOPMENT_TEAM = G763XN7D9Q;
				ENABLE_PREVIEWS = YES;
				INFOPLIST_FILE = "Notification App/Info.plist";
				LD_RUNPATH_SEARCH_PATHS = (
					"$(inherited)",
					"@executable_path/Frameworks",
				);
				MARKETING_VERSION = 3.0.1;
				PRODUCT_BUNDLE_IDENTIFIER = "com.rickythedeveloper.Notification-App";
				PRODUCT_NAME = "space it";
				SUPPORTS_MACCATALYST = YES;
				SWIFT_VERSION = 5.0;
				TARGETED_DEVICE_FAMILY = "1,2";
			};
			name = Release;
		};
/* End XCBuildConfiguration section */

/* Begin XCConfigurationList section */
		9C331CB524303B0B003934D6 /* Build configuration list for PBXNativeTarget "ReviewAlgorithmTest" */ = {
			isa = XCConfigurationList;
			buildConfigurations = (
				9C331CB624303B0B003934D6 /* Debug */,
				9C331CB724303B0B003934D6 /* Release */,
			);
			defaultConfigurationIsVisible = 0;
			defaultConfigurationName = Release;
		};
		B8D950342326C48F001236AE /* Build configuration list for PBXProject "Notification App" */ = {
			isa = XCConfigurationList;
			buildConfigurations = (
				B8D9504E2326C491001236AE /* Debug */,
				B8D9504F2326C491001236AE /* Release */,
			);
			defaultConfigurationIsVisible = 0;
			defaultConfigurationName = Release;
		};
		B8D950502326C491001236AE /* Build configuration list for PBXNativeTarget "Notification App" */ = {
			isa = XCConfigurationList;
			buildConfigurations = (
				B8D950512326C491001236AE /* Debug */,
				B8D950522326C491001236AE /* Release */,
			);
			defaultConfigurationIsVisible = 0;
			defaultConfigurationName = Release;
		};
/* End XCConfigurationList section */

/* Begin XCVersionGroup section */
		B8D950402326C48F001236AE /* Notification_App.xcdatamodeld */ = {
			isa = XCVersionGroup;
			children = (
				B8D950412326C48F001236AE /* Notification_App.xcdatamodel */,
			);
			currentVersion = B8D950412326C48F001236AE /* Notification_App.xcdatamodel */;
			path = Notification_App.xcdatamodeld;
			sourceTree = "<group>";
			versionGroupType = wrapper.xcdatamodel;
		};
/* End XCVersionGroup section */
	};
	rootObject = B8D950312326C48F001236AE /* Project object */;
}
